// !$*UTF8*$!
{
	archiveVersion = 1;
	classes = {
	};
	objectVersion = 46;
	objects = {

/* Begin PBXBuildFile section */
		0354EB6FB78F4917A2C375B7 /* Roboto.ttf in Resources */ = {isa = PBXBuildFile; fileRef = B06601B8293344E3ACAE223E /* Roboto.ttf */; };
		13B07FBC1A68108700A75B9A /* AppDelegate.m in Sources */ = {isa = PBXBuildFile; fileRef = 13B07FB01A68108700A75B9A /* AppDelegate.m */; };
		13B07FBF1A68108700A75B9A /* Images.xcassets in Resources */ = {isa = PBXBuildFile; fileRef = 13B07FB51A68108700A75B9A /* Images.xcassets */; };
		13B07FC11A68108700A75B9A /* main.m in Sources */ = {isa = PBXBuildFile; fileRef = 13B07FB71A68108700A75B9A /* main.m */; };
		13E2C927FAAB4E888CCD9F11 /* Roboto_medium.ttf in Resources */ = {isa = PBXBuildFile; fileRef = 2AF54982653F435682B13C3A /* Roboto_medium.ttf */; };
		168D121E4B1A494587BD3DC4 /* Zocial.ttf in Resources */ = {isa = PBXBuildFile; fileRef = C2C24C4A3B9B41B4A3C4598E /* Zocial.ttf */; };
		18202DE967A74DD890CA6241 /* Raleway-SemiBold.ttf in Resources */ = {isa = PBXBuildFile; fileRef = 9763265F7195407696DA62F3 /* Raleway-SemiBold.ttf */; };
		18D6E82784D54305A551867F /* rubicon-icon-font.ttf in Resources */ = {isa = PBXBuildFile; fileRef = 06373D629AF8417BAC9BDBC2 /* rubicon-icon-font.ttf */; };
		1A285041F05049B5B2147068 /* MaterialIcons.ttf in Resources */ = {isa = PBXBuildFile; fileRef = FD96D9DD1E234961BE13ECE8 /* MaterialIcons.ttf */; };
		2D02E4BC1E0B4A80006451C7 /* AppDelegate.m in Sources */ = {isa = PBXBuildFile; fileRef = 13B07FB01A68108700A75B9A /* AppDelegate.m */; };
		2D02E4BD1E0B4A84006451C7 /* Images.xcassets in Resources */ = {isa = PBXBuildFile; fileRef = 13B07FB51A68108700A75B9A /* Images.xcassets */; };
		2D02E4BF1E0B4AB3006451C7 /* main.m in Sources */ = {isa = PBXBuildFile; fileRef = 13B07FB71A68108700A75B9A /* main.m */; };
		2DCD954D1E0B4F2C00145EB5 /* mocha_cliTests.m in Sources */ = {isa = PBXBuildFile; fileRef = 00E356F21AD99517003FC87E /* mocha_cliTests.m */; };
		331C5721580973459E82AFC1 /* libPods-mocha_cli-tvOS.a in Frameworks */ = {isa = PBXBuildFile; fileRef = B66728410FA6080B60C4182D /* libPods-mocha_cli-tvOS.a */; };
		35B861B8B8AC411291982176 /* MaterialCommunityIcons.ttf in Resources */ = {isa = PBXBuildFile; fileRef = DD81FD6F2B1C4090A65BC18F /* MaterialCommunityIcons.ttf */; };
		3832422D7FAC440AA01AE197 /* Raleway-Thin.ttf in Resources */ = {isa = PBXBuildFile; fileRef = 829F7BA5D4784414B7787706 /* Raleway-Thin.ttf */; };
		39CDE040AF1849E98AF56B2D /* Raleway-Medium.ttf in Resources */ = {isa = PBXBuildFile; fileRef = 41DBA3EAB5034D73AA4192EF /* Raleway-Medium.ttf */; };
		3B54A5978EF34F68BB385BAE /* Foundation.ttf in Resources */ = {isa = PBXBuildFile; fileRef = 635C0F18FE734712B7EAF9BE /* Foundation.ttf */; };
		42FDE4924362481D9340631C /* FontAwesome5_Regular.ttf in Resources */ = {isa = PBXBuildFile; fileRef = 2CB431F476DE4737ADD91CD5 /* FontAwesome5_Regular.ttf */; };
		4A799DC5000909907440D26E /* libPods-mocha_cli.a in Frameworks */ = {isa = PBXBuildFile; fileRef = 962020243F74478510EEFD46 /* libPods-mocha_cli.a */; };
		52B0DC9D24203ADF00FF7626 /* GoogleService-Info.plist in Resources */ = {isa = PBXBuildFile; fileRef = 52B0DC9C24203ADE00FF7626 /* GoogleService-Info.plist */; };
		52CD16AC24348278009BEEDB /* icon60.png in Resources */ = {isa = PBXBuildFile; fileRef = 52CD16A424348276009BEEDB /* icon60.png */; };
		52CD16AD24348278009BEEDB /* icon80.png in Resources */ = {isa = PBXBuildFile; fileRef = 52CD16A524348276009BEEDB /* icon80.png */; };
		52CD16AE24348278009BEEDB /* icon87.png in Resources */ = {isa = PBXBuildFile; fileRef = 52CD16A624348277009BEEDB /* icon87.png */; };
		52CD16AF24348278009BEEDB /* icon1024.png in Resources */ = {isa = PBXBuildFile; fileRef = 52CD16A724348277009BEEDB /* icon1024.png */; };
		52CD16B024348278009BEEDB /* icon58.png in Resources */ = {isa = PBXBuildFile; fileRef = 52CD16A824348277009BEEDB /* icon58.png */; };
		52CD16B124348278009BEEDB /* icon40.png in Resources */ = {isa = PBXBuildFile; fileRef = 52CD16A924348277009BEEDB /* icon40.png */; };
		52CD16B224348278009BEEDB /* icon120.png in Resources */ = {isa = PBXBuildFile; fileRef = 52CD16AA24348277009BEEDB /* icon120.png */; };
		52CD16B324348278009BEEDB /* icon180.png in Resources */ = {isa = PBXBuildFile; fileRef = 52CD16AB24348277009BEEDB /* icon180.png */; };
		52CD16B52434EBC7009BEEDB /* AppCenter-Config.plist in Resources */ = {isa = PBXBuildFile; fileRef = 52CD16B42434EBC7009BEEDB /* AppCenter-Config.plist */; };
		52FAD451242B466A00E8D1B2 /* splash-1242-2688.png in Resources */ = {isa = PBXBuildFile; fileRef = 52FAD444242B466900E8D1B2 /* splash-1242-2688.png */; };
		52FAD452242B466A00E8D1B2 /* splash-1792-828.png in Resources */ = {isa = PBXBuildFile; fileRef = 52FAD445242B466900E8D1B2 /* splash-1792-828.png */; };
		52FAD453242B466A00E8D1B2 /* splash-640-960.png in Resources */ = {isa = PBXBuildFile; fileRef = 52FAD446242B466900E8D1B2 /* splash-640-960.png */; };
		52FAD454242B466A00E8D1B2 /* splash-2436-1125.png in Resources */ = {isa = PBXBuildFile; fileRef = 52FAD447242B466900E8D1B2 /* splash-2436-1125.png */; };
		52FAD455242B466A00E8D1B2 /* splash-750-1334.png in Resources */ = {isa = PBXBuildFile; fileRef = 52FAD448242B466900E8D1B2 /* splash-750-1334.png */; };
		52FAD456242B466A00E8D1B2 /* splash-2688-1242.png in Resources */ = {isa = PBXBuildFile; fileRef = 52FAD449242B466900E8D1B2 /* splash-2688-1242.png */; };
		52FAD457242B466A00E8D1B2 /* splash-320-480.png in Resources */ = {isa = PBXBuildFile; fileRef = 52FAD44A242B466900E8D1B2 /* splash-320-480.png */; };
		52FAD458242B466A00E8D1B2 /* splash-1242-2208.png in Resources */ = {isa = PBXBuildFile; fileRef = 52FAD44B242B466900E8D1B2 /* splash-1242-2208.png */; };
		52FAD459242B466A00E8D1B2 /* splash-2048-2048.png in Resources */ = {isa = PBXBuildFile; fileRef = 52FAD44C242B466900E8D1B2 /* splash-2048-2048.png */; };
		52FAD45A242B466A00E8D1B2 /* splash-1125-2436.png in Resources */ = {isa = PBXBuildFile; fileRef = 52FAD44D242B466900E8D1B2 /* splash-1125-2436.png */; };
		52FAD45B242B466A00E8D1B2 /* splash-828-1792.png in Resources */ = {isa = PBXBuildFile; fileRef = 52FAD44E242B466A00E8D1B2 /* splash-828-1792.png */; };
		52FAD45C242B466A00E8D1B2 /* splash-640-1136.png in Resources */ = {isa = PBXBuildFile; fileRef = 52FAD44F242B466A00E8D1B2 /* splash-640-1136.png */; };
		52FAD45D242B466A00E8D1B2 /* splash-2208-1242.png in Resources */ = {isa = PBXBuildFile; fileRef = 52FAD450242B466A00E8D1B2 /* splash-2208-1242.png */; };
		542E119B63444CE4B72B22EF /* Raleway-Regular.ttf in Resources */ = {isa = PBXBuildFile; fileRef = 43B2D137CAE64A329590FD4A /* Raleway-Regular.ttf */; };
		59E80DEA20884423A659F2BF /* Feather.ttf in Resources */ = {isa = PBXBuildFile; fileRef = D172A6A7369E4217AC89D8B0 /* Feather.ttf */; };
		5A735D9D74C74B82BB200222 /* Fontisto.ttf in Resources */ = {isa = PBXBuildFile; fileRef = 2618243A31644A2D8611C9BA /* Fontisto.ttf */; };
		7C9B6D35D46B4F3C8F79772B /* AntDesign.ttf in Resources */ = {isa = PBXBuildFile; fileRef = CBE6313F9CDD46C892A0D760 /* AntDesign.ttf */; };
		7EA4DD3F93104A52A826B46A /* SimpleLineIcons.ttf in Resources */ = {isa = PBXBuildFile; fileRef = 0C850993BADA452D80502084 /* SimpleLineIcons.ttf */; };
		81DF51C4D81B317C22226C28 /* libPods-mocha_cli-tvOSTests.a in Frameworks */ = {isa = PBXBuildFile; fileRef = BAF4E6875BCA6525F278C448 /* libPods-mocha_cli-tvOSTests.a */; };
		9CD91A9DAD6E4C57B7C8C927 /* FontAwesome5_Brands.ttf in Resources */ = {isa = PBXBuildFile; fileRef = 03A74EA5007A4FB5A432B3EF /* FontAwesome5_Brands.ttf */; };
		B6A3CD6BE8F64AE1A59BBB59 /* EvilIcons.ttf in Resources */ = {isa = PBXBuildFile; fileRef = 38C529F38A304C6FB8F6AEF6 /* EvilIcons.ttf */; };
		BBE582EA88484F58B38F2224 /* Raleway-Black.ttf in Resources */ = {isa = PBXBuildFile; fileRef = 743B3C828CB248F48E673A38 /* Raleway-Black.ttf */; };
		C5A132B0C2F24C5C97F9A64D /* Octicons.ttf in Resources */ = {isa = PBXBuildFile; fileRef = 2D7ADF05C78F4558A2D08B4C /* Octicons.ttf */; };
		D9846C34A5884CF595F63518 /* Entypo.ttf in Resources */ = {isa = PBXBuildFile; fileRef = D939C6F8856C485A8084FFBE /* Entypo.ttf */; };
		DA651A40E12341CE88C3A060 /* Ionicons.ttf in Resources */ = {isa = PBXBuildFile; fileRef = 24CC3699CD8A467AB98A3D84 /* Ionicons.ttf */; };
		E5C28F38A44D4F649C389261 /* FontAwesome5_Solid.ttf in Resources */ = {isa = PBXBuildFile; fileRef = 8F92F4D1B22D4178A51CC8C9 /* FontAwesome5_Solid.ttf */; };
		EE4D613B18C04247B9178E2B /* Raleway-Italic.ttf in Resources */ = {isa = PBXBuildFile; fileRef = 2348C334A15042828156AE6D /* Raleway-Italic.ttf */; };
		F173052B8E5F4F5A93B26A58 /* Raleway-Bold.ttf in Resources */ = {isa = PBXBuildFile; fileRef = 3FEFF45D3C654A0B9DD7A848 /* Raleway-Bold.ttf */; };
		F909732E3E494D4F823E1175 /* FontAwesome.ttf in Resources */ = {isa = PBXBuildFile; fileRef = F5FA0C9F4E2449CBA6A4C417 /* FontAwesome.ttf */; };
/* End PBXBuildFile section */

/* Begin PBXContainerItemProxy section */
		2D02E4911E0B4A5D006451C7 /* PBXContainerItemProxy */ = {
			isa = PBXContainerItemProxy;
			containerPortal = 83CBB9F71A601CBA00E9B192 /* Project object */;
			proxyType = 1;
			remoteGlobalIDString = 2D02E47A1E0B4A5D006451C7;
			remoteInfo = "mocha_cli-tvOS";
		};
/* End PBXContainerItemProxy section */

/* Begin PBXFileReference section */
		008F07F21AC5B25A0029DE68 /* main.jsbundle */ = {isa = PBXFileReference; fileEncoding = 4; lastKnownFileType = text; path = main.jsbundle; sourceTree = "<group>"; };
		00E356F11AD99517003FC87E /* Info.plist */ = {isa = PBXFileReference; lastKnownFileType = text.plist.xml; path = Info.plist; sourceTree = "<group>"; };
		00E356F21AD99517003FC87E /* mocha_cliTests.m */ = {isa = PBXFileReference; lastKnownFileType = sourcecode.c.objc; path = mocha_cliTests.m; sourceTree = "<group>"; };
		03A74EA5007A4FB5A432B3EF /* FontAwesome5_Brands.ttf */ = {isa = PBXFileReference; explicitFileType = undefined; fileEncoding = 9; includeInIndex = 0; lastKnownFileType = unknown; name = FontAwesome5_Brands.ttf; path = "../node_modules/native-base/Fonts/FontAwesome5_Brands.ttf"; sourceTree = "<group>"; };
		06373D629AF8417BAC9BDBC2 /* rubicon-icon-font.ttf */ = {isa = PBXFileReference; explicitFileType = undefined; fileEncoding = 9; includeInIndex = 0; lastKnownFileType = unknown; name = "rubicon-icon-font.ttf"; path = "../node_modules/native-base/Fonts/rubicon-icon-font.ttf"; sourceTree = "<group>"; };
		0743F20B8169F8CFBA8BCB6B /* Pods-mocha_cliTests.release.xcconfig */ = {isa = PBXFileReference; includeInIndex = 1; lastKnownFileType = text.xcconfig; name = "Pods-mocha_cliTests.release.xcconfig"; path = "Target Support Files/Pods-mocha_cliTests/Pods-mocha_cliTests.release.xcconfig"; sourceTree = "<group>"; };
		0C850993BADA452D80502084 /* SimpleLineIcons.ttf */ = {isa = PBXFileReference; explicitFileType = undefined; fileEncoding = 9; includeInIndex = 0; lastKnownFileType = unknown; name = SimpleLineIcons.ttf; path = "../node_modules/native-base/Fonts/SimpleLineIcons.ttf"; sourceTree = "<group>"; };
		13B07F961A680F5B00A75B9A /* Mocha.app */ = {isa = PBXFileReference; explicitFileType = wrapper.application; includeInIndex = 0; path = Mocha.app; sourceTree = BUILT_PRODUCTS_DIR; };
		13B07FAF1A68108700A75B9A /* AppDelegate.h */ = {isa = PBXFileReference; fileEncoding = 4; lastKnownFileType = sourcecode.c.h; name = AppDelegate.h; path = mocha_cli/AppDelegate.h; sourceTree = "<group>"; };
		13B07FB01A68108700A75B9A /* AppDelegate.m */ = {isa = PBXFileReference; fileEncoding = 4; lastKnownFileType = sourcecode.c.objc; name = AppDelegate.m; path = mocha_cli/AppDelegate.m; sourceTree = "<group>"; };
		13B07FB51A68108700A75B9A /* Images.xcassets */ = {isa = PBXFileReference; lastKnownFileType = folder.assetcatalog; name = Images.xcassets; path = mocha_cli/Images.xcassets; sourceTree = "<group>"; };
		13B07FB61A68108700A75B9A /* Info.plist */ = {isa = PBXFileReference; fileEncoding = 4; lastKnownFileType = text.plist.xml; name = Info.plist; path = mocha_cli/Info.plist; sourceTree = "<group>"; };
		13B07FB71A68108700A75B9A /* main.m */ = {isa = PBXFileReference; fileEncoding = 4; lastKnownFileType = sourcecode.c.objc; name = main.m; path = mocha_cli/main.m; sourceTree = "<group>"; };
		1AA2DAB1576D35E2B048F46E /* Pods-mocha_cli-tvOS.release.xcconfig */ = {isa = PBXFileReference; includeInIndex = 1; lastKnownFileType = text.xcconfig; name = "Pods-mocha_cli-tvOS.release.xcconfig"; path = "Target Support Files/Pods-mocha_cli-tvOS/Pods-mocha_cli-tvOS.release.xcconfig"; sourceTree = "<group>"; };
		2348C334A15042828156AE6D /* Raleway-Italic.ttf */ = {isa = PBXFileReference; explicitFileType = undefined; fileEncoding = 9; includeInIndex = 0; lastKnownFileType = unknown; name = "Raleway-Italic.ttf"; path = "../src/assets/fonts/Raleway-Italic.ttf"; sourceTree = "<group>"; };
		24CC3699CD8A467AB98A3D84 /* Ionicons.ttf */ = {isa = PBXFileReference; explicitFileType = undefined; fileEncoding = 9; includeInIndex = 0; lastKnownFileType = unknown; name = Ionicons.ttf; path = "../node_modules/native-base/Fonts/Ionicons.ttf"; sourceTree = "<group>"; };
		2618243A31644A2D8611C9BA /* Fontisto.ttf */ = {isa = PBXFileReference; explicitFileType = undefined; fileEncoding = 9; includeInIndex = 0; lastKnownFileType = unknown; name = Fontisto.ttf; path = "../node_modules/native-base/Fonts/Fontisto.ttf"; sourceTree = "<group>"; };
		2AF54982653F435682B13C3A /* Roboto_medium.ttf */ = {isa = PBXFileReference; explicitFileType = undefined; fileEncoding = 9; includeInIndex = 0; lastKnownFileType = unknown; name = Roboto_medium.ttf; path = "../node_modules/native-base/Fonts/Roboto_medium.ttf"; sourceTree = "<group>"; };
		2CB431F476DE4737ADD91CD5 /* FontAwesome5_Regular.ttf */ = {isa = PBXFileReference; explicitFileType = undefined; fileEncoding = 9; includeInIndex = 0; lastKnownFileType = unknown; name = FontAwesome5_Regular.ttf; path = "../node_modules/native-base/Fonts/FontAwesome5_Regular.ttf"; sourceTree = "<group>"; };
		2D02E47B1E0B4A5D006451C7 /* mocha_cli-tvOS.app */ = {isa = PBXFileReference; explicitFileType = wrapper.application; includeInIndex = 0; path = "mocha_cli-tvOS.app"; sourceTree = BUILT_PRODUCTS_DIR; };
		2D02E4901E0B4A5D006451C7 /* mocha_cli-tvOSTests.xctest */ = {isa = PBXFileReference; explicitFileType = wrapper.cfbundle; includeInIndex = 0; path = "mocha_cli-tvOSTests.xctest"; sourceTree = BUILT_PRODUCTS_DIR; };
		2D7ADF05C78F4558A2D08B4C /* Octicons.ttf */ = {isa = PBXFileReference; explicitFileType = undefined; fileEncoding = 9; includeInIndex = 0; lastKnownFileType = unknown; name = Octicons.ttf; path = "../node_modules/native-base/Fonts/Octicons.ttf"; sourceTree = "<group>"; };
		304EE6DC8C8C1F226289C65D /* libPods-mocha_cliTests.a */ = {isa = PBXFileReference; explicitFileType = archive.ar; includeInIndex = 0; path = "libPods-mocha_cliTests.a"; sourceTree = BUILT_PRODUCTS_DIR; };
		38C529F38A304C6FB8F6AEF6 /* EvilIcons.ttf */ = {isa = PBXFileReference; explicitFileType = undefined; fileEncoding = 9; includeInIndex = 0; lastKnownFileType = unknown; name = EvilIcons.ttf; path = "../node_modules/native-base/Fonts/EvilIcons.ttf"; sourceTree = "<group>"; };
		3FEFF45D3C654A0B9DD7A848 /* Raleway-Bold.ttf */ = {isa = PBXFileReference; explicitFileType = undefined; fileEncoding = 9; includeInIndex = 0; lastKnownFileType = unknown; name = "Raleway-Bold.ttf"; path = "../src/assets/fonts/Raleway-Bold.ttf"; sourceTree = "<group>"; };
		41DBA3EAB5034D73AA4192EF /* Raleway-Medium.ttf */ = {isa = PBXFileReference; explicitFileType = undefined; fileEncoding = 9; includeInIndex = 0; lastKnownFileType = unknown; name = "Raleway-Medium.ttf"; path = "../src/assets/fonts/Raleway-Medium.ttf"; sourceTree = "<group>"; };
		43B2D137CAE64A329590FD4A /* Raleway-Regular.ttf */ = {isa = PBXFileReference; explicitFileType = undefined; fileEncoding = 9; includeInIndex = 0; lastKnownFileType = unknown; name = "Raleway-Regular.ttf"; path = "../src/assets/fonts/Raleway-Regular.ttf"; sourceTree = "<group>"; };
		52B0DC9B2415881600FF7626 /* mocha_cli.entitlements */ = {isa = PBXFileReference; lastKnownFileType = text.plist.entitlements; name = mocha_cli.entitlements; path = mocha_cli/mocha_cli.entitlements; sourceTree = "<group>"; };
		52B0DC9C24203ADE00FF7626 /* GoogleService-Info.plist */ = {isa = PBXFileReference; fileEncoding = 4; lastKnownFileType = text.plist.xml; name = "GoogleService-Info.plist"; path = "mocha_cli/GoogleService-Info.plist"; sourceTree = "<group>"; };
		52CD16A424348276009BEEDB /* icon60.png */ = {isa = PBXFileReference; lastKnownFileType = image.png; name = icon60.png; path = ../src/assets/images/appIcons/icon60.png; sourceTree = "<group>"; };
		52CD16A524348276009BEEDB /* icon80.png */ = {isa = PBXFileReference; lastKnownFileType = image.png; name = icon80.png; path = ../src/assets/images/appIcons/icon80.png; sourceTree = "<group>"; };
		52CD16A624348277009BEEDB /* icon87.png */ = {isa = PBXFileReference; lastKnownFileType = image.png; name = icon87.png; path = ../src/assets/images/appIcons/icon87.png; sourceTree = "<group>"; };
		52CD16A724348277009BEEDB /* icon1024.png */ = {isa = PBXFileReference; lastKnownFileType = image.png; name = icon1024.png; path = ../src/assets/images/appIcons/icon1024.png; sourceTree = "<group>"; };
		52CD16A824348277009BEEDB /* icon58.png */ = {isa = PBXFileReference; lastKnownFileType = image.png; name = icon58.png; path = ../src/assets/images/appIcons/icon58.png; sourceTree = "<group>"; };
		52CD16A924348277009BEEDB /* icon40.png */ = {isa = PBXFileReference; lastKnownFileType = image.png; name = icon40.png; path = ../src/assets/images/appIcons/icon40.png; sourceTree = "<group>"; };
		52CD16AA24348277009BEEDB /* icon120.png */ = {isa = PBXFileReference; lastKnownFileType = image.png; name = icon120.png; path = ../src/assets/images/appIcons/icon120.png; sourceTree = "<group>"; };
		52CD16AB24348277009BEEDB /* icon180.png */ = {isa = PBXFileReference; lastKnownFileType = image.png; name = icon180.png; path = ../src/assets/images/appIcons/icon180.png; sourceTree = "<group>"; };
		52CD16B42434EBC7009BEEDB /* AppCenter-Config.plist */ = {isa = PBXFileReference; lastKnownFileType = text.plist.xml; path = "AppCenter-Config.plist"; sourceTree = "<group>"; };
		52FAD444242B466900E8D1B2 /* splash-1242-2688.png */ = {isa = PBXFileReference; lastKnownFileType = image.png; name = "splash-1242-2688.png"; path = "../src/assets/images/splash/splash-1242-2688.png"; sourceTree = "<group>"; };
		52FAD445242B466900E8D1B2 /* splash-1792-828.png */ = {isa = PBXFileReference; lastKnownFileType = image.png; name = "splash-1792-828.png"; path = "../src/assets/images/splash/splash-1792-828.png"; sourceTree = "<group>"; };
		52FAD446242B466900E8D1B2 /* splash-640-960.png */ = {isa = PBXFileReference; lastKnownFileType = image.png; name = "splash-640-960.png"; path = "../src/assets/images/splash/splash-640-960.png"; sourceTree = "<group>"; };
		52FAD447242B466900E8D1B2 /* splash-2436-1125.png */ = {isa = PBXFileReference; lastKnownFileType = image.png; name = "splash-2436-1125.png"; path = "../src/assets/images/splash/splash-2436-1125.png"; sourceTree = "<group>"; };
		52FAD448242B466900E8D1B2 /* splash-750-1334.png */ = {isa = PBXFileReference; lastKnownFileType = image.png; name = "splash-750-1334.png"; path = "../src/assets/images/splash/splash-750-1334.png"; sourceTree = "<group>"; };
		52FAD449242B466900E8D1B2 /* splash-2688-1242.png */ = {isa = PBXFileReference; lastKnownFileType = image.png; name = "splash-2688-1242.png"; path = "../src/assets/images/splash/splash-2688-1242.png"; sourceTree = "<group>"; };
		52FAD44A242B466900E8D1B2 /* splash-320-480.png */ = {isa = PBXFileReference; lastKnownFileType = image.png; name = "splash-320-480.png"; path = "../src/assets/images/splash/splash-320-480.png"; sourceTree = "<group>"; };
		52FAD44B242B466900E8D1B2 /* splash-1242-2208.png */ = {isa = PBXFileReference; lastKnownFileType = image.png; name = "splash-1242-2208.png"; path = "../src/assets/images/splash/splash-1242-2208.png"; sourceTree = "<group>"; };
		52FAD44C242B466900E8D1B2 /* splash-2048-2048.png */ = {isa = PBXFileReference; lastKnownFileType = image.png; name = "splash-2048-2048.png"; path = "../src/assets/images/splash/splash-2048-2048.png"; sourceTree = "<group>"; };
		52FAD44D242B466900E8D1B2 /* splash-1125-2436.png */ = {isa = PBXFileReference; lastKnownFileType = image.png; name = "splash-1125-2436.png"; path = "../src/assets/images/splash/splash-1125-2436.png"; sourceTree = "<group>"; };
		52FAD44E242B466A00E8D1B2 /* splash-828-1792.png */ = {isa = PBXFileReference; lastKnownFileType = image.png; name = "splash-828-1792.png"; path = "../src/assets/images/splash/splash-828-1792.png"; sourceTree = "<group>"; };
		52FAD44F242B466A00E8D1B2 /* splash-640-1136.png */ = {isa = PBXFileReference; lastKnownFileType = image.png; name = "splash-640-1136.png"; path = "../src/assets/images/splash/splash-640-1136.png"; sourceTree = "<group>"; };
		52FAD450242B466A00E8D1B2 /* splash-2208-1242.png */ = {isa = PBXFileReference; lastKnownFileType = image.png; name = "splash-2208-1242.png"; path = "../src/assets/images/splash/splash-2208-1242.png"; sourceTree = "<group>"; };
		587ABD3E4F284A8F27D26A32 /* Pods-mocha_cli.debug.xcconfig */ = {isa = PBXFileReference; includeInIndex = 1; lastKnownFileType = text.xcconfig; name = "Pods-mocha_cli.debug.xcconfig"; path = "Target Support Files/Pods-mocha_cli/Pods-mocha_cli.debug.xcconfig"; sourceTree = "<group>"; };
		635C0F18FE734712B7EAF9BE /* Foundation.ttf */ = {isa = PBXFileReference; explicitFileType = undefined; fileEncoding = 9; includeInIndex = 0; lastKnownFileType = unknown; name = Foundation.ttf; path = "../node_modules/native-base/Fonts/Foundation.ttf"; sourceTree = "<group>"; };
		6F8049FBF19F20D09B67CD76 /* Pods-mocha_cli-tvOS.debug.xcconfig */ = {isa = PBXFileReference; includeInIndex = 1; lastKnownFileType = text.xcconfig; name = "Pods-mocha_cli-tvOS.debug.xcconfig"; path = "Target Support Files/Pods-mocha_cli-tvOS/Pods-mocha_cli-tvOS.debug.xcconfig"; sourceTree = "<group>"; };
		70F15D4CD0FB10560F110725 /* Pods-mocha_cli-tvOSTests.release.xcconfig */ = {isa = PBXFileReference; includeInIndex = 1; lastKnownFileType = text.xcconfig; name = "Pods-mocha_cli-tvOSTests.release.xcconfig"; path = "Target Support Files/Pods-mocha_cli-tvOSTests/Pods-mocha_cli-tvOSTests.release.xcconfig"; sourceTree = "<group>"; };
		743B3C828CB248F48E673A38 /* Raleway-Black.ttf */ = {isa = PBXFileReference; explicitFileType = undefined; fileEncoding = 9; includeInIndex = 0; lastKnownFileType = unknown; name = "Raleway-Black.ttf"; path = "../src/assets/fonts/Raleway-Black.ttf"; sourceTree = "<group>"; };
		829F7BA5D4784414B7787706 /* Raleway-Thin.ttf */ = {isa = PBXFileReference; explicitFileType = undefined; fileEncoding = 9; includeInIndex = 0; lastKnownFileType = unknown; name = "Raleway-Thin.ttf"; path = "../src/assets/fonts/Raleway-Thin.ttf"; sourceTree = "<group>"; };
		8F92F4D1B22D4178A51CC8C9 /* FontAwesome5_Solid.ttf */ = {isa = PBXFileReference; explicitFileType = undefined; fileEncoding = 9; includeInIndex = 0; lastKnownFileType = unknown; name = FontAwesome5_Solid.ttf; path = "../node_modules/native-base/Fonts/FontAwesome5_Solid.ttf"; sourceTree = "<group>"; };
		962020243F74478510EEFD46 /* libPods-mocha_cli.a */ = {isa = PBXFileReference; explicitFileType = archive.ar; includeInIndex = 0; path = "libPods-mocha_cli.a"; sourceTree = BUILT_PRODUCTS_DIR; };
		9763265F7195407696DA62F3 /* Raleway-SemiBold.ttf */ = {isa = PBXFileReference; explicitFileType = undefined; fileEncoding = 9; includeInIndex = 0; lastKnownFileType = unknown; name = "Raleway-SemiBold.ttf"; path = "../src/assets/fonts/Raleway-SemiBold.ttf"; sourceTree = "<group>"; };
		B06601B8293344E3ACAE223E /* Roboto.ttf */ = {isa = PBXFileReference; explicitFileType = undefined; fileEncoding = 9; includeInIndex = 0; lastKnownFileType = unknown; name = Roboto.ttf; path = "../node_modules/native-base/Fonts/Roboto.ttf"; sourceTree = "<group>"; };
		B66728410FA6080B60C4182D /* libPods-mocha_cli-tvOS.a */ = {isa = PBXFileReference; explicitFileType = archive.ar; includeInIndex = 0; path = "libPods-mocha_cli-tvOS.a"; sourceTree = BUILT_PRODUCTS_DIR; };
		B708ADBB55A7FA7919760052 /* Pods-mocha_cli-tvOSTests.debug.xcconfig */ = {isa = PBXFileReference; includeInIndex = 1; lastKnownFileType = text.xcconfig; name = "Pods-mocha_cli-tvOSTests.debug.xcconfig"; path = "Target Support Files/Pods-mocha_cli-tvOSTests/Pods-mocha_cli-tvOSTests.debug.xcconfig"; sourceTree = "<group>"; };
		BAF4E6875BCA6525F278C448 /* libPods-mocha_cli-tvOSTests.a */ = {isa = PBXFileReference; explicitFileType = archive.ar; includeInIndex = 0; path = "libPods-mocha_cli-tvOSTests.a"; sourceTree = BUILT_PRODUCTS_DIR; };
		C2C24C4A3B9B41B4A3C4598E /* Zocial.ttf */ = {isa = PBXFileReference; explicitFileType = undefined; fileEncoding = 9; includeInIndex = 0; lastKnownFileType = unknown; name = Zocial.ttf; path = "../node_modules/native-base/Fonts/Zocial.ttf"; sourceTree = "<group>"; };
		CBE6313F9CDD46C892A0D760 /* AntDesign.ttf */ = {isa = PBXFileReference; explicitFileType = undefined; fileEncoding = 9; includeInIndex = 0; lastKnownFileType = unknown; name = AntDesign.ttf; path = "../node_modules/native-base/Fonts/AntDesign.ttf"; sourceTree = "<group>"; };
		CEE7BE4287266AA8A1C243BC /* Pods-mocha_cliTests.debug.xcconfig */ = {isa = PBXFileReference; includeInIndex = 1; lastKnownFileType = text.xcconfig; name = "Pods-mocha_cliTests.debug.xcconfig"; path = "Target Support Files/Pods-mocha_cliTests/Pods-mocha_cliTests.debug.xcconfig"; sourceTree = "<group>"; };
		D172A6A7369E4217AC89D8B0 /* Feather.ttf */ = {isa = PBXFileReference; explicitFileType = undefined; fileEncoding = 9; includeInIndex = 0; lastKnownFileType = unknown; name = Feather.ttf; path = "../node_modules/native-base/Fonts/Feather.ttf"; sourceTree = "<group>"; };
		D1D25C507B5A2A58BB2CE5DF /* Pods-mocha_cli.release.xcconfig */ = {isa = PBXFileReference; includeInIndex = 1; lastKnownFileType = text.xcconfig; name = "Pods-mocha_cli.release.xcconfig"; path = "Target Support Files/Pods-mocha_cli/Pods-mocha_cli.release.xcconfig"; sourceTree = "<group>"; };
		D939C6F8856C485A8084FFBE /* Entypo.ttf */ = {isa = PBXFileReference; explicitFileType = undefined; fileEncoding = 9; includeInIndex = 0; lastKnownFileType = unknown; name = Entypo.ttf; path = "../node_modules/native-base/Fonts/Entypo.ttf"; sourceTree = "<group>"; };
		DD81FD6F2B1C4090A65BC18F /* MaterialCommunityIcons.ttf */ = {isa = PBXFileReference; explicitFileType = undefined; fileEncoding = 9; includeInIndex = 0; lastKnownFileType = unknown; name = MaterialCommunityIcons.ttf; path = "../node_modules/native-base/Fonts/MaterialCommunityIcons.ttf"; sourceTree = "<group>"; };
		ED297162215061F000B7C4FE /* JavaScriptCore.framework */ = {isa = PBXFileReference; lastKnownFileType = wrapper.framework; name = JavaScriptCore.framework; path = System/Library/Frameworks/JavaScriptCore.framework; sourceTree = SDKROOT; };
		ED2971642150620600B7C4FE /* JavaScriptCore.framework */ = {isa = PBXFileReference; lastKnownFileType = wrapper.framework; name = JavaScriptCore.framework; path = Platforms/AppleTVOS.platform/Developer/SDKs/AppleTVOS12.0.sdk/System/Library/Frameworks/JavaScriptCore.framework; sourceTree = DEVELOPER_DIR; };
		F5FA0C9F4E2449CBA6A4C417 /* FontAwesome.ttf */ = {isa = PBXFileReference; explicitFileType = undefined; fileEncoding = 9; includeInIndex = 0; lastKnownFileType = unknown; name = FontAwesome.ttf; path = "../node_modules/native-base/Fonts/FontAwesome.ttf"; sourceTree = "<group>"; };
		FD96D9DD1E234961BE13ECE8 /* MaterialIcons.ttf */ = {isa = PBXFileReference; explicitFileType = undefined; fileEncoding = 9; includeInIndex = 0; lastKnownFileType = unknown; name = MaterialIcons.ttf; path = "../node_modules/native-base/Fonts/MaterialIcons.ttf"; sourceTree = "<group>"; };
/* End PBXFileReference section */

/* Begin PBXFrameworksBuildPhase section */
		13B07F8C1A680F5B00A75B9A /* Frameworks */ = {
			isa = PBXFrameworksBuildPhase;
			buildActionMask = 2147483647;
			files = (
				4A799DC5000909907440D26E /* libPods-mocha_cli.a in Frameworks */,
			);
			runOnlyForDeploymentPostprocessing = 0;
		};
		2D02E4781E0B4A5D006451C7 /* Frameworks */ = {
			isa = PBXFrameworksBuildPhase;
			buildActionMask = 2147483647;
			files = (
				331C5721580973459E82AFC1 /* libPods-mocha_cli-tvOS.a in Frameworks */,
			);
			runOnlyForDeploymentPostprocessing = 0;
		};
		2D02E48D1E0B4A5D006451C7 /* Frameworks */ = {
			isa = PBXFrameworksBuildPhase;
			buildActionMask = 2147483647;
			files = (
				81DF51C4D81B317C22226C28 /* libPods-mocha_cli-tvOSTests.a in Frameworks */,
			);
			runOnlyForDeploymentPostprocessing = 0;
		};
/* End PBXFrameworksBuildPhase section */

/* Begin PBXGroup section */
		00E356EF1AD99517003FC87E /* mocha_cliTests */ = {
			isa = PBXGroup;
			children = (
				00E356F21AD99517003FC87E /* mocha_cliTests.m */,
				00E356F01AD99517003FC87E /* Supporting Files */,
			);
			path = mocha_cliTests;
			sourceTree = "<group>";
		};
		00E356F01AD99517003FC87E /* Supporting Files */ = {
			isa = PBXGroup;
			children = (
				00E356F11AD99517003FC87E /* Info.plist */,
			);
			name = "Supporting Files";
			sourceTree = "<group>";
		};
		13B07FAE1A68108700A75B9A /* mocha_cli */ = {
			isa = PBXGroup;
			children = (
				52B0DC9C24203ADE00FF7626 /* GoogleService-Info.plist */,
				52B0DC9B2415881600FF7626 /* mocha_cli.entitlements */,
				008F07F21AC5B25A0029DE68 /* main.jsbundle */,
				13B07FAF1A68108700A75B9A /* AppDelegate.h */,
				13B07FB01A68108700A75B9A /* AppDelegate.m */,
				13B07FB51A68108700A75B9A /* Images.xcassets */,
				13B07FB61A68108700A75B9A /* Info.plist */,
				13B07FB71A68108700A75B9A /* main.m */,
				52CD16B42434EBC7009BEEDB /* AppCenter-Config.plist */,
			);
			name = mocha_cli;
			sourceTree = "<group>";
		};
		2D16E6871FA4F8E400B85C8A /* Frameworks */ = {
			isa = PBXGroup;
			children = (
				ED297162215061F000B7C4FE /* JavaScriptCore.framework */,
				ED2971642150620600B7C4FE /* JavaScriptCore.framework */,
				962020243F74478510EEFD46 /* libPods-mocha_cli.a */,
				B66728410FA6080B60C4182D /* libPods-mocha_cli-tvOS.a */,
				BAF4E6875BCA6525F278C448 /* libPods-mocha_cli-tvOSTests.a */,
				304EE6DC8C8C1F226289C65D /* libPods-mocha_cliTests.a */,
			);
			name = Frameworks;
			sourceTree = "<group>";
		};
		52EE8A822412E0DC00BB3728 /* Splash */ = {
			isa = PBXGroup;
			children = (
				52FAD44A242B466900E8D1B2 /* splash-320-480.png */,
				52FAD446242B466900E8D1B2 /* splash-640-960.png */,
				52FAD44F242B466A00E8D1B2 /* splash-640-1136.png */,
				52FAD448242B466900E8D1B2 /* splash-750-1334.png */,
				52FAD44E242B466A00E8D1B2 /* splash-828-1792.png */,
				52FAD44D242B466900E8D1B2 /* splash-1125-2436.png */,
				52FAD44B242B466900E8D1B2 /* splash-1242-2208.png */,
				52FAD444242B466900E8D1B2 /* splash-1242-2688.png */,
				52FAD445242B466900E8D1B2 /* splash-1792-828.png */,
				52FAD44C242B466900E8D1B2 /* splash-2048-2048.png */,
				52FAD450242B466A00E8D1B2 /* splash-2208-1242.png */,
				52FAD447242B466900E8D1B2 /* splash-2436-1125.png */,
				52FAD449242B466900E8D1B2 /* splash-2688-1242.png */,
			);
			name = Splash;
			sourceTree = "<group>";
		};
		52EE8A832412E0E700BB3728 /* AppIcon */ = {
			isa = PBXGroup;
			children = (
				52CD16A924348277009BEEDB /* icon40.png */,
				52CD16A824348277009BEEDB /* icon58.png */,
				52CD16A424348276009BEEDB /* icon60.png */,
				52CD16A524348276009BEEDB /* icon80.png */,
				52CD16A624348277009BEEDB /* icon87.png */,
				52CD16AA24348277009BEEDB /* icon120.png */,
				52CD16AB24348277009BEEDB /* icon180.png */,
				52CD16A724348277009BEEDB /* icon1024.png */,
			);
			name = AppIcon;
			sourceTree = "<group>";
		};
		5B498E97D9449697034979B0 /* Pods */ = {
			isa = PBXGroup;
			children = (
				587ABD3E4F284A8F27D26A32 /* Pods-mocha_cli.debug.xcconfig */,
				D1D25C507B5A2A58BB2CE5DF /* Pods-mocha_cli.release.xcconfig */,
				6F8049FBF19F20D09B67CD76 /* Pods-mocha_cli-tvOS.debug.xcconfig */,
				1AA2DAB1576D35E2B048F46E /* Pods-mocha_cli-tvOS.release.xcconfig */,
				B708ADBB55A7FA7919760052 /* Pods-mocha_cli-tvOSTests.debug.xcconfig */,
				70F15D4CD0FB10560F110725 /* Pods-mocha_cli-tvOSTests.release.xcconfig */,
				CEE7BE4287266AA8A1C243BC /* Pods-mocha_cliTests.debug.xcconfig */,
				0743F20B8169F8CFBA8BCB6B /* Pods-mocha_cliTests.release.xcconfig */,
			);
			path = Pods;
			sourceTree = "<group>";
		};
		832341AE1AAA6A7D00B99B32 /* Libraries */ = {
			isa = PBXGroup;
			children = (
			);
			name = Libraries;
			sourceTree = "<group>";
		};
		83CBB9F61A601CBA00E9B192 = {
			isa = PBXGroup;
			children = (
				13B07FAE1A68108700A75B9A /* mocha_cli */,
				832341AE1AAA6A7D00B99B32 /* Libraries */,
				00E356EF1AD99517003FC87E /* mocha_cliTests */,
				83CBBA001A601CBA00E9B192 /* Products */,
				2D16E6871FA4F8E400B85C8A /* Frameworks */,
				5B498E97D9449697034979B0 /* Pods */,
				B6081B96524C4B02994DB6E4 /* Resources */,
			);
			indentWidth = 2;
			sourceTree = "<group>";
			tabWidth = 2;
			usesTabs = 0;
		};
		83CBBA001A601CBA00E9B192 /* Products */ = {
			isa = PBXGroup;
			children = (
				13B07F961A680F5B00A75B9A /* Mocha.app */,
				2D02E47B1E0B4A5D006451C7 /* mocha_cli-tvOS.app */,
				2D02E4901E0B4A5D006451C7 /* mocha_cli-tvOSTests.xctest */,
			);
			name = Products;
			sourceTree = "<group>";
		};
		B6081B96524C4B02994DB6E4 /* Resources */ = {
			isa = PBXGroup;
			children = (
				52EE8A832412E0E700BB3728 /* AppIcon */,
				52EE8A822412E0DC00BB3728 /* Splash */,
				CBE6313F9CDD46C892A0D760 /* AntDesign.ttf */,
				D939C6F8856C485A8084FFBE /* Entypo.ttf */,
				38C529F38A304C6FB8F6AEF6 /* EvilIcons.ttf */,
				D172A6A7369E4217AC89D8B0 /* Feather.ttf */,
				F5FA0C9F4E2449CBA6A4C417 /* FontAwesome.ttf */,
				03A74EA5007A4FB5A432B3EF /* FontAwesome5_Brands.ttf */,
				2CB431F476DE4737ADD91CD5 /* FontAwesome5_Regular.ttf */,
				8F92F4D1B22D4178A51CC8C9 /* FontAwesome5_Solid.ttf */,
				2618243A31644A2D8611C9BA /* Fontisto.ttf */,
				635C0F18FE734712B7EAF9BE /* Foundation.ttf */,
				24CC3699CD8A467AB98A3D84 /* Ionicons.ttf */,
				DD81FD6F2B1C4090A65BC18F /* MaterialCommunityIcons.ttf */,
				FD96D9DD1E234961BE13ECE8 /* MaterialIcons.ttf */,
				2D7ADF05C78F4558A2D08B4C /* Octicons.ttf */,
				2AF54982653F435682B13C3A /* Roboto_medium.ttf */,
				B06601B8293344E3ACAE223E /* Roboto.ttf */,
				06373D629AF8417BAC9BDBC2 /* rubicon-icon-font.ttf */,
				0C850993BADA452D80502084 /* SimpleLineIcons.ttf */,
				C2C24C4A3B9B41B4A3C4598E /* Zocial.ttf */,
				743B3C828CB248F48E673A38 /* Raleway-Black.ttf */,
				3FEFF45D3C654A0B9DD7A848 /* Raleway-Bold.ttf */,
				2348C334A15042828156AE6D /* Raleway-Italic.ttf */,
				41DBA3EAB5034D73AA4192EF /* Raleway-Medium.ttf */,
				43B2D137CAE64A329590FD4A /* Raleway-Regular.ttf */,
				9763265F7195407696DA62F3 /* Raleway-SemiBold.ttf */,
				829F7BA5D4784414B7787706 /* Raleway-Thin.ttf */,
			);
			name = Resources;
			sourceTree = "<group>";
		};
/* End PBXGroup section */

/* Begin PBXNativeTarget section */
		13B07F861A680F5B00A75B9A /* mocha_cli */ = {
			isa = PBXNativeTarget;
			buildConfigurationList = 13B07F931A680F5B00A75B9A /* Build configuration list for PBXNativeTarget "mocha_cli" */;
			buildPhases = (
				FA0FF96669C6A1FDF5B96442 /* [CP] Check Pods Manifest.lock */,
				FD10A7F022414F080027D42C /* Start Packager */,
				13B07F871A680F5B00A75B9A /* Sources */,
				13B07F8C1A680F5B00A75B9A /* Frameworks */,
				13B07F8E1A680F5B00A75B9A /* Resources */,
				00DD1BFF1BD5951E006B06BC /* Bundle React Native code and images */,
				9B86D555745BBB7D819BB8D0 /* [CP] Copy Pods Resources */,
				58560DC4C4B42A2C452C8D0F /* [CP-User] [RNFB] Core Configuration */,
			);
			buildRules = (
			);
			dependencies = (
			);
			name = mocha_cli;
			productName = mocha_cli;
			productReference = 13B07F961A680F5B00A75B9A /* Mocha.app */;
			productType = "com.apple.product-type.application";
		};
		2D02E47A1E0B4A5D006451C7 /* mocha_cli-tvOS */ = {
			isa = PBXNativeTarget;
			buildConfigurationList = 2D02E4BA1E0B4A5E006451C7 /* Build configuration list for PBXNativeTarget "mocha_cli-tvOS" */;
			buildPhases = (
				DA0F0C6B9188FE82AEE4A34C /* [CP] Check Pods Manifest.lock */,
				FD10A7F122414F3F0027D42C /* Start Packager */,
				2D02E4771E0B4A5D006451C7 /* Sources */,
				2D02E4781E0B4A5D006451C7 /* Frameworks */,
				2D02E4791E0B4A5D006451C7 /* Resources */,
				2D02E4CB1E0B4B27006451C7 /* Bundle React Native Code And Images */,
			);
			buildRules = (
			);
			dependencies = (
			);
			name = "mocha_cli-tvOS";
			productName = "mocha_cli-tvOS";
			productReference = 2D02E47B1E0B4A5D006451C7 /* mocha_cli-tvOS.app */;
			productType = "com.apple.product-type.application";
		};
		2D02E48F1E0B4A5D006451C7 /* mocha_cli-tvOSTests */ = {
			isa = PBXNativeTarget;
			buildConfigurationList = 2D02E4BB1E0B4A5E006451C7 /* Build configuration list for PBXNativeTarget "mocha_cli-tvOSTests" */;
			buildPhases = (
				2087F1F83C5E95B691A80288 /* [CP] Check Pods Manifest.lock */,
				2D02E48C1E0B4A5D006451C7 /* Sources */,
				2D02E48D1E0B4A5D006451C7 /* Frameworks */,
				2D02E48E1E0B4A5D006451C7 /* Resources */,
			);
			buildRules = (
			);
			dependencies = (
				2D02E4921E0B4A5D006451C7 /* PBXTargetDependency */,
			);
			name = "mocha_cli-tvOSTests";
			productName = "mocha_cli-tvOSTests";
			productReference = 2D02E4901E0B4A5D006451C7 /* mocha_cli-tvOSTests.xctest */;
			productType = "com.apple.product-type.bundle.unit-test";
		};
/* End PBXNativeTarget section */

/* Begin PBXProject section */
		83CBB9F71A601CBA00E9B192 /* Project object */ = {
			isa = PBXProject;
			attributes = {
				LastUpgradeCheck = 940;
				ORGANIZATIONNAME = Facebook;
				TargetAttributes = {
					13B07F861A680F5B00A75B9A = {
						DevelopmentTeam = 2JXLU2C7H5;
						ProvisioningStyle = Automatic;
					};
					2D02E47A1E0B4A5D006451C7 = {
						CreatedOnToolsVersion = 8.2.1;
						ProvisioningStyle = Automatic;
					};
					2D02E48F1E0B4A5D006451C7 = {
						CreatedOnToolsVersion = 8.2.1;
						ProvisioningStyle = Automatic;
						TestTargetID = 2D02E47A1E0B4A5D006451C7;
					};
				};
			};
			buildConfigurationList = 83CBB9FA1A601CBA00E9B192 /* Build configuration list for PBXProject "mocha_cli" */;
			compatibilityVersion = "Xcode 3.2";
			developmentRegion = English;
			hasScannedForEncodings = 0;
			knownRegions = (
				English,
				en,
				Base,
			);
			mainGroup = 83CBB9F61A601CBA00E9B192;
			productRefGroup = 83CBBA001A601CBA00E9B192 /* Products */;
			projectDirPath = "";
			projectRoot = "";
			targets = (
				13B07F861A680F5B00A75B9A /* mocha_cli */,
				2D02E47A1E0B4A5D006451C7 /* mocha_cli-tvOS */,
				2D02E48F1E0B4A5D006451C7 /* mocha_cli-tvOSTests */,
			);
		};
/* End PBXProject section */

/* Begin PBXResourcesBuildPhase section */
		13B07F8E1A680F5B00A75B9A /* Resources */ = {
			isa = PBXResourcesBuildPhase;
			buildActionMask = 2147483647;
			files = (
				52FAD459242B466A00E8D1B2 /* splash-2048-2048.png in Resources */,
				52FAD456242B466A00E8D1B2 /* splash-2688-1242.png in Resources */,
				13B07FBF1A68108700A75B9A /* Images.xcassets in Resources */,
				52FAD452242B466A00E8D1B2 /* splash-1792-828.png in Resources */,
				7C9B6D35D46B4F3C8F79772B /* AntDesign.ttf in Resources */,
				52FAD454242B466A00E8D1B2 /* splash-2436-1125.png in Resources */,
				D9846C34A5884CF595F63518 /* Entypo.ttf in Resources */,
				B6A3CD6BE8F64AE1A59BBB59 /* EvilIcons.ttf in Resources */,
				59E80DEA20884423A659F2BF /* Feather.ttf in Resources */,
				52CD16AE24348278009BEEDB /* icon87.png in Resources */,
				F909732E3E494D4F823E1175 /* FontAwesome.ttf in Resources */,
				52FAD451242B466A00E8D1B2 /* splash-1242-2688.png in Resources */,
				9CD91A9DAD6E4C57B7C8C927 /* FontAwesome5_Brands.ttf in Resources */,
				52CD16AF24348278009BEEDB /* icon1024.png in Resources */,
				42FDE4924362481D9340631C /* FontAwesome5_Regular.ttf in Resources */,
				52CD16B124348278009BEEDB /* icon40.png in Resources */,
				E5C28F38A44D4F649C389261 /* FontAwesome5_Solid.ttf in Resources */,
				52FAD45C242B466A00E8D1B2 /* splash-640-1136.png in Resources */,
				5A735D9D74C74B82BB200222 /* Fontisto.ttf in Resources */,
				3B54A5978EF34F68BB385BAE /* Foundation.ttf in Resources */,
				52FAD458242B466A00E8D1B2 /* splash-1242-2208.png in Resources */,
				52FAD45B242B466A00E8D1B2 /* splash-828-1792.png in Resources */,
				DA651A40E12341CE88C3A060 /* Ionicons.ttf in Resources */,
				52CD16B324348278009BEEDB /* icon180.png in Resources */,
				35B861B8B8AC411291982176 /* MaterialCommunityIcons.ttf in Resources */,
				52FAD45D242B466A00E8D1B2 /* splash-2208-1242.png in Resources */,
				1A285041F05049B5B2147068 /* MaterialIcons.ttf in Resources */,
				52CD16B224348278009BEEDB /* icon120.png in Resources */,
				52CD16B52434EBC7009BEEDB /* AppCenter-Config.plist in Resources */,
				52CD16AD24348278009BEEDB /* icon80.png in Resources */,
				C5A132B0C2F24C5C97F9A64D /* Octicons.ttf in Resources */,
				52CD16AC24348278009BEEDB /* icon60.png in Resources */,
				13E2C927FAAB4E888CCD9F11 /* Roboto_medium.ttf in Resources */,
				0354EB6FB78F4917A2C375B7 /* Roboto.ttf in Resources */,
				18D6E82784D54305A551867F /* rubicon-icon-font.ttf in Resources */,
				7EA4DD3F93104A52A826B46A /* SimpleLineIcons.ttf in Resources */,
				52FAD45A242B466A00E8D1B2 /* splash-1125-2436.png in Resources */,
				168D121E4B1A494587BD3DC4 /* Zocial.ttf in Resources */,
				52FAD455242B466A00E8D1B2 /* splash-750-1334.png in Resources */,
				BBE582EA88484F58B38F2224 /* Raleway-Black.ttf in Resources */,
				F173052B8E5F4F5A93B26A58 /* Raleway-Bold.ttf in Resources */,
				52CD16B024348278009BEEDB /* icon58.png in Resources */,
				EE4D613B18C04247B9178E2B /* Raleway-Italic.ttf in Resources */,
				39CDE040AF1849E98AF56B2D /* Raleway-Medium.ttf in Resources */,
				52FAD457242B466A00E8D1B2 /* splash-320-480.png in Resources */,
				542E119B63444CE4B72B22EF /* Raleway-Regular.ttf in Resources */,
				52FAD453242B466A00E8D1B2 /* splash-640-960.png in Resources */,
				18202DE967A74DD890CA6241 /* Raleway-SemiBold.ttf in Resources */,
				3832422D7FAC440AA01AE197 /* Raleway-Thin.ttf in Resources */,
				52B0DC9D24203ADF00FF7626 /* GoogleService-Info.plist in Resources */,
			);
			runOnlyForDeploymentPostprocessing = 0;
		};
		2D02E4791E0B4A5D006451C7 /* Resources */ = {
			isa = PBXResourcesBuildPhase;
			buildActionMask = 2147483647;
			files = (
				2D02E4BD1E0B4A84006451C7 /* Images.xcassets in Resources */,
			);
			runOnlyForDeploymentPostprocessing = 0;
		};
		2D02E48E1E0B4A5D006451C7 /* Resources */ = {
			isa = PBXResourcesBuildPhase;
			buildActionMask = 2147483647;
			files = (
			);
			runOnlyForDeploymentPostprocessing = 0;
		};
/* End PBXResourcesBuildPhase section */

/* Begin PBXShellScriptBuildPhase section */
		00DD1BFF1BD5951E006B06BC /* Bundle React Native code and images */ = {
			isa = PBXShellScriptBuildPhase;
			buildActionMask = 2147483647;
			files = (
			);
			inputPaths = (
			);
			name = "Bundle React Native code and images";
			outputPaths = (
			);
			runOnlyForDeploymentPostprocessing = 0;
			shellPath = /bin/sh;
			shellScript = "export NODE_BINARY=node\n../node_modules/react-native/scripts/react-native-xcode.sh";
		};
		2087F1F83C5E95B691A80288 /* [CP] Check Pods Manifest.lock */ = {
			isa = PBXShellScriptBuildPhase;
			buildActionMask = 2147483647;
			files = (
			);
			inputFileListPaths = (
			);
			inputPaths = (
				"${PODS_PODFILE_DIR_PATH}/Podfile.lock",
				"${PODS_ROOT}/Manifest.lock",
			);
			name = "[CP] Check Pods Manifest.lock";
			outputFileListPaths = (
			);
			outputPaths = (
				"$(DERIVED_FILE_DIR)/Pods-mocha_cli-tvOSTests-checkManifestLockResult.txt",
			);
			runOnlyForDeploymentPostprocessing = 0;
			shellPath = /bin/sh;
			shellScript = "diff \"${PODS_PODFILE_DIR_PATH}/Podfile.lock\" \"${PODS_ROOT}/Manifest.lock\" > /dev/null\nif [ $? != 0 ] ; then\n    # print error to STDERR\n    echo \"error: The sandbox is not in sync with the Podfile.lock. Run 'pod install' or update your CocoaPods installation.\" >&2\n    exit 1\nfi\n# This output is used by Xcode 'outputs' to avoid re-running this script phase.\necho \"SUCCESS\" > \"${SCRIPT_OUTPUT_FILE_0}\"\n";
			showEnvVarsInLog = 0;
		};
		2D02E4CB1E0B4B27006451C7 /* Bundle React Native Code And Images */ = {
			isa = PBXShellScriptBuildPhase;
			buildActionMask = 2147483647;
			files = (
			);
			inputPaths = (
			);
			name = "Bundle React Native Code And Images";
			outputPaths = (
			);
			runOnlyForDeploymentPostprocessing = 0;
			shellPath = /bin/sh;
			shellScript = "export NODE_BINARY=node\n../node_modules/react-native/scripts/react-native-xcode.sh";
		};
		58560DC4C4B42A2C452C8D0F /* [CP-User] [RNFB] Core Configuration */ = {
			isa = PBXShellScriptBuildPhase;
			buildActionMask = 2147483647;
			files = (
			);
			name = "[CP-User] [RNFB] Core Configuration";
			runOnlyForDeploymentPostprocessing = 0;
			shellPath = /bin/sh;
			shellScript = "#!/usr/bin/env bash\n#\n# Copyright (c) 2016-present Invertase Limited & Contributors\n#\n# Licensed under the Apache License, Version 2.0 (the \"License\");\n# you may not use this library except in compliance with the License.\n# You may obtain a copy of the License at\n#\n#   http://www.apache.org/licenses/LICENSE-2.0\n#\n# Unless required by applicable law or agreed to in writing, software\n# distributed under the License is distributed on an \"AS IS\" BASIS,\n# WITHOUT WARRANTIES OR CONDITIONS OF ANY KIND, either express or implied.\n# See the License for the specific language governing permissions and\n# limitations under the License.\n#\nset -e\n\n_MAX_LOOKUPS=2;\n_SEARCH_RESULT=''\n_RN_ROOT_EXISTS=''\n_CURRENT_LOOKUPS=1\n_JSON_ROOT=\"'react-native'\"\n_JSON_FILE_NAME='firebase.json'\n_JSON_OUTPUT_BASE64='e30=' # { }\n_CURRENT_SEARCH_DIR=${PROJECT_DIR}\n_PLIST_BUDDY=/usr/libexec/PlistBuddy\n_TARGET_PLIST=\"${BUILT_PRODUCTS_DIR}/${INFOPLIST_PATH}\"\n_DSYM_PLIST=\"${DWARF_DSYM_FOLDER_PATH}/${DWARF_DSYM_FILE_NAME}/Contents/Info.plist\"\n\n# plist arrays\n_PLIST_ENTRY_KEYS=()\n_PLIST_ENTRY_TYPES=()\n_PLIST_ENTRY_VALUES=()\n\nfunction setPlistValue {\n  echo \"info:      setting plist entry '$1' of type '$2' in file '$4'\"\n  ${_PLIST_BUDDY} -c \"Add :$1 $2 '$3'\" $4 || echo \"info:      '$1' already exists\"\n}\n\nfunction getFirebaseJsonKeyValue () {\n  if [[ ${_RN_ROOT_EXISTS} ]]; then\n    ruby -e \"require 'rubygems';require 'json'; output=JSON.parse('$1'); puts output[$_JSON_ROOT]['$2']\"\n  else\n    echo \"\"\n  fi;\n}\n\nfunction jsonBoolToYesNo () {\n  if [[ $1 == \"false\" ]]; then\n    echo \"NO\"\n  elif [[ $1 == \"true\" ]]; then\n    echo \"YES\"\n  else echo \"NO\"\n  fi\n}\n\necho \"info: -> RNFB build script started\"\necho \"info: 1) Locating ${_JSON_FILE_NAME} file:\"\n\nif [[ -z ${_CURRENT_SEARCH_DIR} ]]; then\n  _CURRENT_SEARCH_DIR=$(pwd)\nfi;\n\nwhile true; do\n  _CURRENT_SEARCH_DIR=$(dirname \"$_CURRENT_SEARCH_DIR\")\n  if [[ \"$_CURRENT_SEARCH_DIR\" == \"/\" ]] || [[ ${_CURRENT_LOOKUPS} -gt ${_MAX_LOOKUPS} ]]; then break; fi;\n  echo \"info:      ($_CURRENT_LOOKUPS of $_MAX_LOOKUPS) Searching in '$_CURRENT_SEARCH_DIR' for a ${_JSON_FILE_NAME} file.\"\n  _SEARCH_RESULT=$(find \"$_CURRENT_SEARCH_DIR\" -maxdepth 2 -name ${_JSON_FILE_NAME} -print | head -n 1)\n  if [[ ${_SEARCH_RESULT} ]]; then\n    echo \"info:      ${_JSON_FILE_NAME} found at $_SEARCH_RESULT\"\n    break;\n  fi;\n  _CURRENT_LOOKUPS=$((_CURRENT_LOOKUPS+1))\ndone\n\nif [[ ${_SEARCH_RESULT} ]]; then\n  _JSON_OUTPUT_RAW=$(cat \"${_SEARCH_RESULT}\")\n  _RN_ROOT_EXISTS=$(ruby -e \"require 'rubygems';require 'json'; output=JSON.parse('$_JSON_OUTPUT_RAW'); puts output[$_JSON_ROOT]\" || echo '')\n\n  if [[ ${_RN_ROOT_EXISTS} ]]; then\n    _JSON_OUTPUT_BASE64=$(python -c 'import json,sys,base64;print(base64.b64encode(json.dumps(json.loads(open('\"'${_SEARCH_RESULT}'\"').read())['${_JSON_ROOT}'])))' || echo \"e30=\")\n  fi\n\n  _PLIST_ENTRY_KEYS+=(\"firebase_json_raw\")\n  _PLIST_ENTRY_TYPES+=(\"string\")\n  _PLIST_ENTRY_VALUES+=(\"$_JSON_OUTPUT_BASE64\")\n\n  # config.messaging_auto_init_enabled\n  _MESSAGING_AUTO_INIT=$(getFirebaseJsonKeyValue \"$_JSON_OUTPUT_RAW\" \"messaging_auto_init_enabled\")\n  if [[ $_MESSAGING_AUTO_INIT ]]; then\n    _PLIST_ENTRY_KEYS+=(\"FirebaseMessagingAutoInitEnabled\")\n    _PLIST_ENTRY_TYPES+=(\"bool\")\n    _PLIST_ENTRY_VALUES+=(\"$(jsonBoolToYesNo \"$_MESSAGING_AUTO_INIT\")\")\n  fi\n\n  # config.crashlytics_disable_auto_disabler - undocumented for now - mainly for debugging, document if becomes usful\n  _CRASHLYTICS_AUTO_DISABLE_ENABLED=$(getFirebaseJsonKeyValue \"$_JSON_OUTPUT_RAW\" \"crashlytics_disable_auto_disabler\")\n  if [[ $_CRASHLYTICS_AUTO_DISABLE_ENABLED == \"true\" ]]; then\n    echo \"Disabled Crashlytics auto disabler.\" # do nothing\n  else\n    _PLIST_ENTRY_KEYS+=(\"firebase_crashlytics_collection_enabled\")\n    _PLIST_ENTRY_TYPES+=(\"bool\")\n    _PLIST_ENTRY_VALUES+=(\"NO\")\n  fi\n\n  # config.admob_delay_app_measurement_init\n  _ADMOB_DELAY_APP_MEASUREMENT=$(getFirebaseJsonKeyValue \"$_JSON_OUTPUT_RAW\" \"admob_delay_app_measurement_init\")\n  if [[ $_ADMOB_DELAY_APP_MEASUREMENT == \"true\" ]]; then\n    _PLIST_ENTRY_KEYS+=(\"GADDelayAppMeasurementInit\")\n    _PLIST_ENTRY_TYPES+=(\"bool\")\n    _PLIST_ENTRY_VALUES+=(\"YES\")\n  fi\n\n  # config.admob_ios_app_id\n  _ADMOB_IOS_APP_ID=$(getFirebaseJsonKeyValue \"$_JSON_OUTPUT_RAW\" \"admob_ios_app_id\")\n  if [[ $_ADMOB_IOS_APP_ID ]]; then\n    _PLIST_ENTRY_KEYS+=(\"GADApplicationIdentifier\")\n    _PLIST_ENTRY_TYPES+=(\"string\")\n    _PLIST_ENTRY_VALUES+=(\"$_ADMOB_IOS_APP_ID\")\n  fi\nelse\n  _PLIST_ENTRY_KEYS+=(\"firebase_json_raw\")\n  _PLIST_ENTRY_TYPES+=(\"string\")\n  _PLIST_ENTRY_VALUES+=(\"$_JSON_OUTPUT_BASE64\")\n  echo \"warning:   A firebase.json file was not found, whilst this file is optional it is recommended to include it to configure firebase services in React Native Firebase.\"\nfi;\n\necho \"info: 2) Injecting Info.plist entries: \"\n\n# Log out the keys we're adding\nfor i in \"${!_PLIST_ENTRY_KEYS[@]}\"; do\n  echo \"    ->  $i) ${_PLIST_ENTRY_KEYS[$i]}\" \"${_PLIST_ENTRY_TYPES[$i]}\" \"${_PLIST_ENTRY_VALUES[$i]}\"\ndone\n\nfor plist in \"${_TARGET_PLIST}\" \"${_DSYM_PLIST}\" ; do\n  if [[ -f \"${plist}\" ]]; then\n\n    # paths with spaces break the call to setPlistValue. temporarily modify\n    # the shell internal field separator variable (IFS), which normally \n    # includes spaces, to consist only of line breaks\n    oldifs=$IFS\n    IFS=\"\n\"\n\n    for i in \"${!_PLIST_ENTRY_KEYS[@]}\"; do\n      setPlistValue \"${_PLIST_ENTRY_KEYS[$i]}\" \"${_PLIST_ENTRY_TYPES[$i]}\" \"${_PLIST_ENTRY_VALUES[$i]}\" \"${plist}\"\n    done\n\n    # restore the original internal field separator value\n    IFS=$oldifs\n  else\n    echo \"warning:   A Info.plist build output file was not found (${plist})\"\n  fi\ndone\n\necho \"info: <- RNFB build script finished\"\n\n";
		};
		9B86D555745BBB7D819BB8D0 /* [CP] Copy Pods Resources */ = {
			isa = PBXShellScriptBuildPhase;
			buildActionMask = 2147483647;
			files = (
			);
			inputPaths = (
				"${PODS_ROOT}/Target Support Files/Pods-mocha_cli/Pods-mocha_cli-resources.sh",
				"${PODS_ROOT}/Mixpanel/Mixpanel/Images/MPArrowLeft.png",
				"${PODS_ROOT}/Mixpanel/Mixpanel/Images/MPArrowLeft@2x.png",
				"${PODS_ROOT}/Mixpanel/Mixpanel/Images/MPArrowRight.png",
				"${PODS_ROOT}/Mixpanel/Mixpanel/Images/MPArrowRight@2x.png",
				"${PODS_ROOT}/Mixpanel/Mixpanel/Images/MPCheckmark.png",
				"${PODS_ROOT}/Mixpanel/Mixpanel/Images/MPCheckmark@2x.png",
				"${PODS_ROOT}/Mixpanel/Mixpanel/Images/MPCloseButton.png",
				"${PODS_ROOT}/Mixpanel/Mixpanel/Images/MPCloseButton@2x.png",
				"${PODS_ROOT}/Mixpanel/Mixpanel/Images/MPCloseButton@3x.png",
				"${PODS_ROOT}/Mixpanel/Mixpanel/Images/MPDismissKeyboard.png",
				"${PODS_ROOT}/Mixpanel/Mixpanel/Images/MPDismissKeyboard@2x.png",
				"${PODS_ROOT}/Mixpanel/Mixpanel/Images/MPLogo.png",
				"${PODS_ROOT}/Mixpanel/Mixpanel/Images/MPLogo@2x.png",
				"${PODS_ROOT}/Mixpanel/Mixpanel/Images/placeholder-image.png",
				"${PODS_ROOT}/Mixpanel/Mixpanel/MPTakeoverNotificationViewController~ipad.xib",
				"${PODS_ROOT}/Mixpanel/Mixpanel/MPTakeoverNotificationViewController~iphonelandscape.xib",
				"${PODS_ROOT}/Mixpanel/Mixpanel/MPTakeoverNotificationViewController~iphoneportrait.xib",
				"${PODS_CONFIGURATION_BUILD_DIR}/RNImageCropPicker/QBImagePicker.bundle",
				"${PODS_ROOT}/RSKImageCropper/RSKImageCropper/RSKImageCropperStrings.bundle",
			);
			name = "[CP] Copy Pods Resources";
			outputPaths = (
				"${TARGET_BUILD_DIR}/${UNLOCALIZED_RESOURCES_FOLDER_PATH}/MPArrowLeft.png",
				"${TARGET_BUILD_DIR}/${UNLOCALIZED_RESOURCES_FOLDER_PATH}/MPArrowLeft@2x.png",
				"${TARGET_BUILD_DIR}/${UNLOCALIZED_RESOURCES_FOLDER_PATH}/MPArrowRight.png",
				"${TARGET_BUILD_DIR}/${UNLOCALIZED_RESOURCES_FOLDER_PATH}/MPArrowRight@2x.png",
				"${TARGET_BUILD_DIR}/${UNLOCALIZED_RESOURCES_FOLDER_PATH}/MPCheckmark.png",
				"${TARGET_BUILD_DIR}/${UNLOCALIZED_RESOURCES_FOLDER_PATH}/MPCheckmark@2x.png",
				"${TARGET_BUILD_DIR}/${UNLOCALIZED_RESOURCES_FOLDER_PATH}/MPCloseButton.png",
				"${TARGET_BUILD_DIR}/${UNLOCALIZED_RESOURCES_FOLDER_PATH}/MPCloseButton@2x.png",
				"${TARGET_BUILD_DIR}/${UNLOCALIZED_RESOURCES_FOLDER_PATH}/MPCloseButton@3x.png",
				"${TARGET_BUILD_DIR}/${UNLOCALIZED_RESOURCES_FOLDER_PATH}/MPDismissKeyboard.png",
				"${TARGET_BUILD_DIR}/${UNLOCALIZED_RESOURCES_FOLDER_PATH}/MPDismissKeyboard@2x.png",
				"${TARGET_BUILD_DIR}/${UNLOCALIZED_RESOURCES_FOLDER_PATH}/MPLogo.png",
				"${TARGET_BUILD_DIR}/${UNLOCALIZED_RESOURCES_FOLDER_PATH}/MPLogo@2x.png",
				"${TARGET_BUILD_DIR}/${UNLOCALIZED_RESOURCES_FOLDER_PATH}/placeholder-image.png",
				"${TARGET_BUILD_DIR}/${UNLOCALIZED_RESOURCES_FOLDER_PATH}/MPTakeoverNotificationViewController~ipad.nib",
				"${TARGET_BUILD_DIR}/${UNLOCALIZED_RESOURCES_FOLDER_PATH}/MPTakeoverNotificationViewController~iphonelandscape.nib",
				"${TARGET_BUILD_DIR}/${UNLOCALIZED_RESOURCES_FOLDER_PATH}/MPTakeoverNotificationViewController~iphoneportrait.nib",
				"${TARGET_BUILD_DIR}/${UNLOCALIZED_RESOURCES_FOLDER_PATH}/QBImagePicker.bundle",
				"${TARGET_BUILD_DIR}/${UNLOCALIZED_RESOURCES_FOLDER_PATH}/RSKImageCropperStrings.bundle",
			);
			runOnlyForDeploymentPostprocessing = 0;
			shellPath = /bin/sh;
			shellScript = "\"${PODS_ROOT}/Target Support Files/Pods-mocha_cli/Pods-mocha_cli-resources.sh\"\n";
			showEnvVarsInLog = 0;
		};
		DA0F0C6B9188FE82AEE4A34C /* [CP] Check Pods Manifest.lock */ = {
			isa = PBXShellScriptBuildPhase;
			buildActionMask = 2147483647;
			files = (
			);
			inputFileListPaths = (
			);
			inputPaths = (
				"${PODS_PODFILE_DIR_PATH}/Podfile.lock",
				"${PODS_ROOT}/Manifest.lock",
			);
			name = "[CP] Check Pods Manifest.lock";
			outputFileListPaths = (
			);
			outputPaths = (
				"$(DERIVED_FILE_DIR)/Pods-mocha_cli-tvOS-checkManifestLockResult.txt",
			);
			runOnlyForDeploymentPostprocessing = 0;
			shellPath = /bin/sh;
			shellScript = "diff \"${PODS_PODFILE_DIR_PATH}/Podfile.lock\" \"${PODS_ROOT}/Manifest.lock\" > /dev/null\nif [ $? != 0 ] ; then\n    # print error to STDERR\n    echo \"error: The sandbox is not in sync with the Podfile.lock. Run 'pod install' or update your CocoaPods installation.\" >&2\n    exit 1\nfi\n# This output is used by Xcode 'outputs' to avoid re-running this script phase.\necho \"SUCCESS\" > \"${SCRIPT_OUTPUT_FILE_0}\"\n";
			showEnvVarsInLog = 0;
		};
		FA0FF96669C6A1FDF5B96442 /* [CP] Check Pods Manifest.lock */ = {
			isa = PBXShellScriptBuildPhase;
			buildActionMask = 2147483647;
			files = (
			);
			inputFileListPaths = (
			);
			inputPaths = (
				"${PODS_PODFILE_DIR_PATH}/Podfile.lock",
				"${PODS_ROOT}/Manifest.lock",
			);
			name = "[CP] Check Pods Manifest.lock";
			outputFileListPaths = (
			);
			outputPaths = (
				"$(DERIVED_FILE_DIR)/Pods-mocha_cli-checkManifestLockResult.txt",
			);
			runOnlyForDeploymentPostprocessing = 0;
			shellPath = /bin/sh;
			shellScript = "diff \"${PODS_PODFILE_DIR_PATH}/Podfile.lock\" \"${PODS_ROOT}/Manifest.lock\" > /dev/null\nif [ $? != 0 ] ; then\n    # print error to STDERR\n    echo \"error: The sandbox is not in sync with the Podfile.lock. Run 'pod install' or update your CocoaPods installation.\" >&2\n    exit 1\nfi\n# This output is used by Xcode 'outputs' to avoid re-running this script phase.\necho \"SUCCESS\" > \"${SCRIPT_OUTPUT_FILE_0}\"\n";
			showEnvVarsInLog = 0;
		};
		FD10A7F022414F080027D42C /* Start Packager */ = {
			isa = PBXShellScriptBuildPhase;
			buildActionMask = 2147483647;
			files = (
			);
			inputFileListPaths = (
			);
			inputPaths = (
			);
			name = "Start Packager";
			outputFileListPaths = (
			);
			outputPaths = (
			);
			runOnlyForDeploymentPostprocessing = 0;
			shellPath = /bin/sh;
			shellScript = "export RCT_METRO_PORT=\"${RCT_METRO_PORT:=8081}\"\necho \"export RCT_METRO_PORT=${RCT_METRO_PORT}\" > \"${SRCROOT}/../node_modules/react-native/scripts/.packager.env\"\nif [ -z \"${RCT_NO_LAUNCH_PACKAGER+xxx}\" ] ; then\n  if nc -w 5 -z localhost ${RCT_METRO_PORT} ; then\n    if ! curl -s \"http://localhost:${RCT_METRO_PORT}/status\" | grep -q \"packager-status:running\" ; then\n      echo \"Port ${RCT_METRO_PORT} already in use, packager is either not running or not running correctly\"\n      exit 2\n    fi\n  else\n    open \"$SRCROOT/../node_modules/react-native/scripts/launchPackager.command\" || echo \"Can't start packager automatically\"\n  fi\nfi\n";
			showEnvVarsInLog = 0;
		};
		FD10A7F122414F3F0027D42C /* Start Packager */ = {
			isa = PBXShellScriptBuildPhase;
			buildActionMask = 2147483647;
			files = (
			);
			inputFileListPaths = (
			);
			inputPaths = (
			);
			name = "Start Packager";
			outputFileListPaths = (
			);
			outputPaths = (
			);
			runOnlyForDeploymentPostprocessing = 0;
			shellPath = /bin/sh;
			shellScript = "export RCT_METRO_PORT=\"${RCT_METRO_PORT:=8081}\"\necho \"export RCT_METRO_PORT=${RCT_METRO_PORT}\" > \"${SRCROOT}/../node_modules/react-native/scripts/.packager.env\"\nif [ -z \"${RCT_NO_LAUNCH_PACKAGER+xxx}\" ] ; then\n  if nc -w 5 -z localhost ${RCT_METRO_PORT} ; then\n    if ! curl -s \"http://localhost:${RCT_METRO_PORT}/status\" | grep -q \"packager-status:running\" ; then\n      echo \"Port ${RCT_METRO_PORT} already in use, packager is either not running or not running correctly\"\n      exit 2\n    fi\n  else\n    open \"$SRCROOT/../node_modules/react-native/scripts/launchPackager.command\" || echo \"Can't start packager automatically\"\n  fi\nfi\n";
			showEnvVarsInLog = 0;
		};
/* End PBXShellScriptBuildPhase section */

/* Begin PBXSourcesBuildPhase section */
		13B07F871A680F5B00A75B9A /* Sources */ = {
			isa = PBXSourcesBuildPhase;
			buildActionMask = 2147483647;
			files = (
				13B07FBC1A68108700A75B9A /* AppDelegate.m in Sources */,
				13B07FC11A68108700A75B9A /* main.m in Sources */,
			);
			runOnlyForDeploymentPostprocessing = 0;
		};
		2D02E4771E0B4A5D006451C7 /* Sources */ = {
			isa = PBXSourcesBuildPhase;
			buildActionMask = 2147483647;
			files = (
				2D02E4BF1E0B4AB3006451C7 /* main.m in Sources */,
				2D02E4BC1E0B4A80006451C7 /* AppDelegate.m in Sources */,
			);
			runOnlyForDeploymentPostprocessing = 0;
		};
		2D02E48C1E0B4A5D006451C7 /* Sources */ = {
			isa = PBXSourcesBuildPhase;
			buildActionMask = 2147483647;
			files = (
				2DCD954D1E0B4F2C00145EB5 /* mocha_cliTests.m in Sources */,
			);
			runOnlyForDeploymentPostprocessing = 0;
		};
/* End PBXSourcesBuildPhase section */

/* Begin PBXTargetDependency section */
		2D02E4921E0B4A5D006451C7 /* PBXTargetDependency */ = {
			isa = PBXTargetDependency;
			target = 2D02E47A1E0B4A5D006451C7 /* mocha_cli-tvOS */;
			targetProxy = 2D02E4911E0B4A5D006451C7 /* PBXContainerItemProxy */;
		};
/* End PBXTargetDependency section */

/* Begin XCBuildConfiguration section */
		13B07F941A680F5B00A75B9A /* Debug */ = {
			isa = XCBuildConfiguration;
			baseConfigurationReference = 587ABD3E4F284A8F27D26A32 /* Pods-mocha_cli.debug.xcconfig */;
			buildSettings = {
				ASSETCATALOG_COMPILER_APPICON_NAME = AppIcon;
				ASSETCATALOG_COMPILER_LAUNCHIMAGE_NAME = LaunchImage;
				CODE_SIGN_ENTITLEMENTS = mocha_cli/mocha_cli.entitlements;
				CODE_SIGN_IDENTITY = "Apple Development";
				CODE_SIGN_STYLE = Automatic;
				CURRENT_PROJECT_VERSION = 37;
				DEAD_CODE_STRIPPING = NO;
				DEVELOPMENT_TEAM = 2JXLU2C7H5;
				FRAMEWORK_SEARCH_PATHS = "$(inherited)";
				HEADER_SEARCH_PATHS = (
					"$(inherited)",
					"\"${PODS_ROOT}/Headers/Public\"",
					"\"${PODS_ROOT}/Headers/Public/DoubleConversion\"",
					"\"${PODS_ROOT}/Headers/Public/FBLazyVector\"",
					"\"${PODS_ROOT}/Headers/Public/FBReactNativeSpec\"",
					"\"${PODS_ROOT}/Headers/Public/Firebase\"",
					"\"${PODS_ROOT}/Headers/Public/FirebaseAnalyticsInterop\"",
					"\"${PODS_ROOT}/Headers/Public/FirebaseCore\"",
					"\"${PODS_ROOT}/Headers/Public/FirebaseCoreDiagnostics\"",
					"\"${PODS_ROOT}/Headers/Public/FirebaseCoreDiagnosticsInterop\"",
					"\"${PODS_ROOT}/Headers/Public/FirebaseInstanceID\"",
					"\"${PODS_ROOT}/Headers/Public/FirebaseMessaging\"",
					"\"${PODS_ROOT}/Headers/Public/GoogleDataTransport\"",
					"\"${PODS_ROOT}/Headers/Public/GoogleDataTransportCCTSupport\"",
					"\"${PODS_ROOT}/Headers/Public/GoogleUtilities\"",
					"\"${PODS_ROOT}/Headers/Public/Protobuf\"",
					"\"${PODS_ROOT}/Headers/Public/RCTRequired\"",
					"\"${PODS_ROOT}/Headers/Public/RCTTypeSafety\"",
					"\"${PODS_ROOT}/Headers/Public/RNCMaskedView\"",
					"\"${PODS_ROOT}/Headers/Public/RNCPicker\"",
					"\"${PODS_ROOT}/Headers/Public/RNCPushNotificationIOS\"",
					"\"${PODS_ROOT}/Headers/Public/RNDateTimePicker\"",
					"\"${PODS_ROOT}/Headers/Public/RNFBApp\"",
					"\"${PODS_ROOT}/Headers/Public/RNFBMessaging\"",
					"\"${PODS_ROOT}/Headers/Public/RNFastImage\"",
					"\"${PODS_ROOT}/Headers/Public/RNGestureHandler\"",
					"\"${PODS_ROOT}/Headers/Public/RNIap\"",
					"\"${PODS_ROOT}/Headers/Public/RNImageCropPicker\"",
					"\"${PODS_ROOT}/Headers/Public/RNReanimated\"",
					"\"${PODS_ROOT}/Headers/Public/RNSVG\"",
					"\"${PODS_ROOT}/Headers/Public/RNScreens\"",
					"\"${PODS_ROOT}/Headers/Public/RSKImageCropper\"",
					"\"${PODS_ROOT}/Headers/Public/React-Core\"",
					"\"${PODS_ROOT}/Headers/Public/React-RCTBlob\"",
					"\"${PODS_ROOT}/Headers/Public/React-RCTText\"",
					"\"${PODS_ROOT}/Headers/Public/React-cxxreact\"",
					"\"${PODS_ROOT}/Headers/Public/React-jsi\"",
					"\"${PODS_ROOT}/Headers/Public/React-jsiexecutor\"",
					"\"${PODS_ROOT}/Headers/Public/React-jsinspector\"",
					"\"${PODS_ROOT}/Headers/Public/ReactCommon\"",
					"\"${PODS_ROOT}/Headers/Public/ReactNativeART\"",
					"\"${PODS_ROOT}/Headers/Public/SDWebImage\"",
					"\"${PODS_ROOT}/Headers/Public/SDWebImageWebPCoder\"",
					"\"${PODS_ROOT}/Headers/Public/Yoga\"",
					"\"${PODS_ROOT}/Headers/Public/glog\"",
					"\"${PODS_ROOT}/Headers/Public/libwebp\"",
					"\"${PODS_ROOT}/Headers/Public/nanopb\"",
					"\"${PODS_ROOT}/Headers/Public/react-native-image-picker\"",
					"\"${PODS_ROOT}/Headers/Public/react-native-safe-area-context\"",
					"\"${PODS_ROOT}/Headers/Public/react-native-splash-screen\"",
					"${PODS_ROOT}/Firebase/CoreOnly/Sources",
					"\"$(PODS_ROOT)/Headers/Private/React-Core\"",
				);
				INFOPLIST_FILE = mocha_cli/Info.plist;
				LD_RUNPATH_SEARCH_PATHS = "$(inherited) @executable_path/Frameworks";
				MARKETING_VERSION = 1.3.6;
				OTHER_LDFLAGS = (
					"$(inherited)",
					"-ObjC",
					"-lc++",
				);
				PRODUCT_BUNDLE_IDENTIFIER = com.mocha.mobile;
				PRODUCT_NAME = Mocha;
				PROVISIONING_PROFILE_SPECIFIER = "";
				VERSIONING_SYSTEM = "apple-generic";
			};
			name = Debug;
		};
		13B07F951A680F5B00A75B9A /* Release */ = {
			isa = XCBuildConfiguration;
			baseConfigurationReference = D1D25C507B5A2A58BB2CE5DF /* Pods-mocha_cli.release.xcconfig */;
			buildSettings = {
				ASSETCATALOG_COMPILER_APPICON_NAME = AppIcon;
				ASSETCATALOG_COMPILER_LAUNCHIMAGE_NAME = LaunchImage;
				CODE_SIGN_ENTITLEMENTS = mocha_cli/mocha_cli.entitlements;
				CODE_SIGN_IDENTITY = "Apple Development";
				CODE_SIGN_STYLE = Automatic;
				CURRENT_PROJECT_VERSION = 37;
				DEVELOPMENT_TEAM = 2JXLU2C7H5;
				FRAMEWORK_SEARCH_PATHS = "$(inherited)";
				HEADER_SEARCH_PATHS = (
					"$(inherited)",
					"\"${PODS_ROOT}/Headers/Public\"",
					"\"${PODS_ROOT}/Headers/Public/DoubleConversion\"",
					"\"${PODS_ROOT}/Headers/Public/FBLazyVector\"",
					"\"${PODS_ROOT}/Headers/Public/FBReactNativeSpec\"",
					"\"${PODS_ROOT}/Headers/Public/Firebase\"",
					"\"${PODS_ROOT}/Headers/Public/FirebaseAnalyticsInterop\"",
					"\"${PODS_ROOT}/Headers/Public/FirebaseCore\"",
					"\"${PODS_ROOT}/Headers/Public/FirebaseCoreDiagnostics\"",
					"\"${PODS_ROOT}/Headers/Public/FirebaseCoreDiagnosticsInterop\"",
					"\"${PODS_ROOT}/Headers/Public/FirebaseInstanceID\"",
					"\"${PODS_ROOT}/Headers/Public/FirebaseMessaging\"",
					"\"${PODS_ROOT}/Headers/Public/GoogleDataTransport\"",
					"\"${PODS_ROOT}/Headers/Public/GoogleDataTransportCCTSupport\"",
					"\"${PODS_ROOT}/Headers/Public/GoogleUtilities\"",
					"\"${PODS_ROOT}/Headers/Public/Protobuf\"",
					"\"${PODS_ROOT}/Headers/Public/RCTRequired\"",
					"\"${PODS_ROOT}/Headers/Public/RCTTypeSafety\"",
					"\"${PODS_ROOT}/Headers/Public/RNCMaskedView\"",
					"\"${PODS_ROOT}/Headers/Public/RNCPicker\"",
					"\"${PODS_ROOT}/Headers/Public/RNCPushNotificationIOS\"",
					"\"${PODS_ROOT}/Headers/Public/RNDateTimePicker\"",
					"\"${PODS_ROOT}/Headers/Public/RNFBApp\"",
					"\"${PODS_ROOT}/Headers/Public/RNFBMessaging\"",
					"\"${PODS_ROOT}/Headers/Public/RNFastImage\"",
					"\"${PODS_ROOT}/Headers/Public/RNGestureHandler\"",
					"\"${PODS_ROOT}/Headers/Public/RNIap\"",
					"\"${PODS_ROOT}/Headers/Public/RNImageCropPicker\"",
					"\"${PODS_ROOT}/Headers/Public/RNReanimated\"",
					"\"${PODS_ROOT}/Headers/Public/RNSVG\"",
					"\"${PODS_ROOT}/Headers/Public/RNScreens\"",
					"\"${PODS_ROOT}/Headers/Public/RSKImageCropper\"",
					"\"${PODS_ROOT}/Headers/Public/React-Core\"",
					"\"${PODS_ROOT}/Headers/Public/React-RCTBlob\"",
					"\"${PODS_ROOT}/Headers/Public/React-RCTText\"",
					"\"${PODS_ROOT}/Headers/Public/React-cxxreact\"",
					"\"${PODS_ROOT}/Headers/Public/React-jsi\"",
					"\"${PODS_ROOT}/Headers/Public/React-jsiexecutor\"",
					"\"${PODS_ROOT}/Headers/Public/React-jsinspector\"",
					"\"${PODS_ROOT}/Headers/Public/ReactCommon\"",
					"\"${PODS_ROOT}/Headers/Public/ReactNativeART\"",
					"\"${PODS_ROOT}/Headers/Public/SDWebImage\"",
					"\"${PODS_ROOT}/Headers/Public/SDWebImageWebPCoder\"",
					"\"${PODS_ROOT}/Headers/Public/Yoga\"",
					"\"${PODS_ROOT}/Headers/Public/glog\"",
					"\"${PODS_ROOT}/Headers/Public/libwebp\"",
					"\"${PODS_ROOT}/Headers/Public/nanopb\"",
					"\"${PODS_ROOT}/Headers/Public/react-native-image-picker\"",
					"\"${PODS_ROOT}/Headers/Public/react-native-safe-area-context\"",
					"\"${PODS_ROOT}/Headers/Public/react-native-splash-screen\"",
					"${PODS_ROOT}/Firebase/CoreOnly/Sources",
					"\"$(PODS_ROOT)/Headers/Private/React-Core\"",
				);
				INFOPLIST_FILE = mocha_cli/Info.plist;
				LD_RUNPATH_SEARCH_PATHS = "$(inherited) @executable_path/Frameworks";
				MARKETING_VERSION = 1.3.6;
				OTHER_LDFLAGS = (
					"$(inherited)",
					"-ObjC",
					"-lc++",
				);
				PRODUCT_BUNDLE_IDENTIFIER = com.mocha.mobile;
				PRODUCT_NAME = Mocha;
				PROVISIONING_PROFILE_SPECIFIER = "";
				VERSIONING_SYSTEM = "apple-generic";
			};
			name = Release;
		};
		2D02E4971E0B4A5E006451C7 /* Debug */ = {
			isa = XCBuildConfiguration;
			baseConfigurationReference = 6F8049FBF19F20D09B67CD76 /* Pods-mocha_cli-tvOS.debug.xcconfig */;
			buildSettings = {
				ASSETCATALOG_COMPILER_APPICON_NAME = "App Icon & Top Shelf Image";
				ASSETCATALOG_COMPILER_LAUNCHIMAGE_NAME = LaunchImage;
				CLANG_ANALYZER_NONNULL = YES;
				CLANG_WARN_DOCUMENTATION_COMMENTS = YES;
				CLANG_WARN_INFINITE_RECURSION = YES;
				CLANG_WARN_SUSPICIOUS_MOVE = YES;
				DEBUG_INFORMATION_FORMAT = dwarf;
				ENABLE_TESTABILITY = YES;
				GCC_NO_COMMON_BLOCKS = YES;
				INFOPLIST_FILE = "mocha_cli-tvOS/Info.plist";
				LD_RUNPATH_SEARCH_PATHS = "$(inherited) @executable_path/Frameworks";
				OTHER_LDFLAGS = (
					"$(inherited)",
					"-ObjC",
					"-lc++",
				);
				PRODUCT_BUNDLE_IDENTIFIER = "com.facebook.REACT.mocha_cli-tvOS";
				PRODUCT_NAME = "$(TARGET_NAME)";
				SDKROOT = appletvos;
				TARGETED_DEVICE_FAMILY = 3;
				TVOS_DEPLOYMENT_TARGET = 9.2;
			};
			name = Debug;
		};
		2D02E4981E0B4A5E006451C7 /* Release */ = {
			isa = XCBuildConfiguration;
			baseConfigurationReference = 1AA2DAB1576D35E2B048F46E /* Pods-mocha_cli-tvOS.release.xcconfig */;
			buildSettings = {
				ASSETCATALOG_COMPILER_APPICON_NAME = "App Icon & Top Shelf Image";
				ASSETCATALOG_COMPILER_LAUNCHIMAGE_NAME = LaunchImage;
				CLANG_ANALYZER_NONNULL = YES;
				CLANG_WARN_DOCUMENTATION_COMMENTS = YES;
				CLANG_WARN_INFINITE_RECURSION = YES;
				CLANG_WARN_SUSPICIOUS_MOVE = YES;
				COPY_PHASE_STRIP = NO;
				DEBUG_INFORMATION_FORMAT = "dwarf-with-dsym";
				GCC_NO_COMMON_BLOCKS = YES;
				INFOPLIST_FILE = "mocha_cli-tvOS/Info.plist";
				LD_RUNPATH_SEARCH_PATHS = "$(inherited) @executable_path/Frameworks";
				OTHER_LDFLAGS = (
					"$(inherited)",
					"-ObjC",
					"-lc++",
				);
				PRODUCT_BUNDLE_IDENTIFIER = "com.facebook.REACT.mocha_cli-tvOS";
				PRODUCT_NAME = "$(TARGET_NAME)";
				SDKROOT = appletvos;
				TARGETED_DEVICE_FAMILY = 3;
				TVOS_DEPLOYMENT_TARGET = 9.2;
			};
			name = Release;
		};
		2D02E4991E0B4A5E006451C7 /* Debug */ = {
			isa = XCBuildConfiguration;
			baseConfigurationReference = B708ADBB55A7FA7919760052 /* Pods-mocha_cli-tvOSTests.debug.xcconfig */;
			buildSettings = {
				BUNDLE_LOADER = "$(TEST_HOST)";
				CLANG_ANALYZER_NONNULL = YES;
				CLANG_WARN_DOCUMENTATION_COMMENTS = YES;
				CLANG_WARN_INFINITE_RECURSION = YES;
				CLANG_WARN_SUSPICIOUS_MOVE = YES;
				DEBUG_INFORMATION_FORMAT = dwarf;
				ENABLE_TESTABILITY = YES;
				GCC_NO_COMMON_BLOCKS = YES;
				INFOPLIST_FILE = "mocha_cli-tvOSTests/Info.plist";
				LD_RUNPATH_SEARCH_PATHS = "$(inherited) @executable_path/Frameworks @loader_path/Frameworks";
				OTHER_LDFLAGS = (
					"$(inherited)",
					"-ObjC",
					"-lc++",
				);
				PRODUCT_BUNDLE_IDENTIFIER = "com.facebook.REACT.mocha_cli-tvOSTests";
				PRODUCT_NAME = "$(TARGET_NAME)";
				SDKROOT = appletvos;
				TEST_HOST = "$(BUILT_PRODUCTS_DIR)/mocha_cli-tvOS.app/mocha_cli-tvOS";
				TVOS_DEPLOYMENT_TARGET = 10.1;
			};
			name = Debug;
		};
		2D02E49A1E0B4A5E006451C7 /* Release */ = {
			isa = XCBuildConfiguration;
			baseConfigurationReference = 70F15D4CD0FB10560F110725 /* Pods-mocha_cli-tvOSTests.release.xcconfig */;
			buildSettings = {
				BUNDLE_LOADER = "$(TEST_HOST)";
				CLANG_ANALYZER_NONNULL = YES;
				CLANG_WARN_DOCUMENTATION_COMMENTS = YES;
				CLANG_WARN_INFINITE_RECURSION = YES;
				CLANG_WARN_SUSPICIOUS_MOVE = YES;
				COPY_PHASE_STRIP = NO;
				DEBUG_INFORMATION_FORMAT = "dwarf-with-dsym";
				GCC_NO_COMMON_BLOCKS = YES;
				INFOPLIST_FILE = "mocha_cli-tvOSTests/Info.plist";
				LD_RUNPATH_SEARCH_PATHS = "$(inherited) @executable_path/Frameworks @loader_path/Frameworks";
				OTHER_LDFLAGS = (
					"$(inherited)",
					"-ObjC",
					"-lc++",
				);
				PRODUCT_BUNDLE_IDENTIFIER = "com.facebook.REACT.mocha_cli-tvOSTests";
				PRODUCT_NAME = "$(TARGET_NAME)";
				SDKROOT = appletvos;
				TEST_HOST = "$(BUILT_PRODUCTS_DIR)/mocha_cli-tvOS.app/mocha_cli-tvOS";
				TVOS_DEPLOYMENT_TARGET = 10.1;
			};
			name = Release;
		};
		83CBBA201A601CBA00E9B192 /* Debug */ = {
			isa = XCBuildConfiguration;
			buildSettings = {
				ALWAYS_SEARCH_USER_PATHS = NO;
				CLANG_CXX_LANGUAGE_STANDARD = "gnu++0x";
				CLANG_CXX_LIBRARY = "libc++";
				CLANG_ENABLE_MODULES = YES;
				CLANG_ENABLE_OBJC_ARC = YES;
				CLANG_WARN_BLOCK_CAPTURE_AUTORELEASING = YES;
				CLANG_WARN_BOOL_CONVERSION = YES;
				CLANG_WARN_COMMA = YES;
				CLANG_WARN_CONSTANT_CONVERSION = YES;
				CLANG_WARN_DEPRECATED_OBJC_IMPLEMENTATIONS = YES;
				CLANG_WARN_DIRECT_OBJC_ISA_USAGE = YES_ERROR;
				CLANG_WARN_EMPTY_BODY = YES;
				CLANG_WARN_ENUM_CONVERSION = YES;
				CLANG_WARN_INFINITE_RECURSION = YES;
				CLANG_WARN_INT_CONVERSION = YES;
				CLANG_WARN_NON_LITERAL_NULL_CONVERSION = YES;
				CLANG_WARN_OBJC_IMPLICIT_RETAIN_SELF = YES;
				CLANG_WARN_OBJC_LITERAL_CONVERSION = YES;
				CLANG_WARN_OBJC_ROOT_CLASS = YES_ERROR;
				CLANG_WARN_RANGE_LOOP_ANALYSIS = YES;
				CLANG_WARN_STRICT_PROTOTYPES = YES;
				CLANG_WARN_SUSPICIOUS_MOVE = YES;
				CLANG_WARN_UNREACHABLE_CODE = YES;
				CLANG_WARN__DUPLICATE_METHOD_MATCH = YES;
				"CODE_SIGN_IDENTITY[sdk=iphoneos*]" = "iPhone Developer";
				COPY_PHASE_STRIP = NO;
				ENABLE_STRICT_OBJC_MSGSEND = YES;
				ENABLE_TESTABILITY = YES;
				GCC_C_LANGUAGE_STANDARD = gnu99;
				GCC_DYNAMIC_NO_PIC = NO;
				GCC_NO_COMMON_BLOCKS = YES;
				GCC_OPTIMIZATION_LEVEL = 0;
				GCC_PREPROCESSOR_DEFINITIONS = (
					"DEBUG=1",
					"$(inherited)",
				);
				GCC_SYMBOLS_PRIVATE_EXTERN = NO;
				GCC_WARN_64_TO_32_BIT_CONVERSION = YES;
				GCC_WARN_ABOUT_RETURN_TYPE = YES_ERROR;
				GCC_WARN_UNDECLARED_SELECTOR = YES;
				GCC_WARN_UNINITIALIZED_AUTOS = YES_AGGRESSIVE;
				GCC_WARN_UNUSED_FUNCTION = YES;
				GCC_WARN_UNUSED_VARIABLE = YES;
				IPHONEOS_DEPLOYMENT_TARGET = 9.0;
				MTL_ENABLE_DEBUG_INFO = YES;
				ONLY_ACTIVE_ARCH = YES;
				SDKROOT = iphoneos;
			};
			name = Debug;
		};
		83CBBA211A601CBA00E9B192 /* Release */ = {
			isa = XCBuildConfiguration;
			buildSettings = {
				ALWAYS_SEARCH_USER_PATHS = NO;
				CLANG_CXX_LANGUAGE_STANDARD = "gnu++0x";
				CLANG_CXX_LIBRARY = "libc++";
				CLANG_ENABLE_MODULES = YES;
				CLANG_ENABLE_OBJC_ARC = YES;
				CLANG_WARN_BLOCK_CAPTURE_AUTORELEASING = YES;
				CLANG_WARN_BOOL_CONVERSION = YES;
				CLANG_WARN_COMMA = YES;
				CLANG_WARN_CONSTANT_CONVERSION = YES;
				CLANG_WARN_DEPRECATED_OBJC_IMPLEMENTATIONS = YES;
				CLANG_WARN_DIRECT_OBJC_ISA_USAGE = YES_ERROR;
				CLANG_WARN_EMPTY_BODY = YES;
				CLANG_WARN_ENUM_CONVERSION = YES;
				CLANG_WARN_INFINITE_RECURSION = YES;
				CLANG_WARN_INT_CONVERSION = YES;
				CLANG_WARN_NON_LITERAL_NULL_CONVERSION = YES;
				CLANG_WARN_OBJC_IMPLICIT_RETAIN_SELF = YES;
				CLANG_WARN_OBJC_LITERAL_CONVERSION = YES;
				CLANG_WARN_OBJC_ROOT_CLASS = YES_ERROR;
				CLANG_WARN_RANGE_LOOP_ANALYSIS = YES;
				CLANG_WARN_STRICT_PROTOTYPES = YES;
				CLANG_WARN_SUSPICIOUS_MOVE = YES;
				CLANG_WARN_UNREACHABLE_CODE = YES;
				CLANG_WARN__DUPLICATE_METHOD_MATCH = YES;
				"CODE_SIGN_IDENTITY[sdk=iphoneos*]" = "iPhone Developer";
				COPY_PHASE_STRIP = YES;
				ENABLE_NS_ASSERTIONS = NO;
				ENABLE_STRICT_OBJC_MSGSEND = YES;
				GCC_C_LANGUAGE_STANDARD = gnu99;
				GCC_NO_COMMON_BLOCKS = YES;
				GCC_WARN_64_TO_32_BIT_CONVERSION = YES;
				GCC_WARN_ABOUT_RETURN_TYPE = YES_ERROR;
				GCC_WARN_UNDECLARED_SELECTOR = YES;
				GCC_WARN_UNINITIALIZED_AUTOS = YES_AGGRESSIVE;
				GCC_WARN_UNUSED_FUNCTION = YES;
				GCC_WARN_UNUSED_VARIABLE = YES;
				IPHONEOS_DEPLOYMENT_TARGET = 9.0;
				MTL_ENABLE_DEBUG_INFO = NO;
				SDKROOT = iphoneos;
				VALIDATE_PRODUCT = YES;
			};
			name = Release;
		};
/* End XCBuildConfiguration section */

/* Begin XCConfigurationList section */
		13B07F931A680F5B00A75B9A /* Build configuration list for PBXNativeTarget "mocha_cli" */ = {
			isa = XCConfigurationList;
			buildConfigurations = (
				13B07F941A680F5B00A75B9A /* Debug */,
				13B07F951A680F5B00A75B9A /* Release */,
			);
			defaultConfigurationIsVisible = 0;
			defaultConfigurationName = Release;
		};
		2D02E4BA1E0B4A5E006451C7 /* Build configuration list for PBXNativeTarget "mocha_cli-tvOS" */ = {
			isa = XCConfigurationList;
			buildConfigurations = (
				2D02E4971E0B4A5E006451C7 /* Debug */,
				2D02E4981E0B4A5E006451C7 /* Release */,
			);
			defaultConfigurationIsVisible = 0;
			defaultConfigurationName = Release;
		};
		2D02E4BB1E0B4A5E006451C7 /* Build configuration list for PBXNativeTarget "mocha_cli-tvOSTests" */ = {
			isa = XCConfigurationList;
			buildConfigurations = (
				2D02E4991E0B4A5E006451C7 /* Debug */,
				2D02E49A1E0B4A5E006451C7 /* Release */,
			);
			defaultConfigurationIsVisible = 0;
			defaultConfigurationName = Release;
		};
		83CBB9FA1A601CBA00E9B192 /* Build configuration list for PBXProject "mocha_cli" */ = {
			isa = XCConfigurationList;
			buildConfigurations = (
				83CBBA201A601CBA00E9B192 /* Debug */,
				83CBBA211A601CBA00E9B192 /* Release */,
			);
			defaultConfigurationIsVisible = 0;
			defaultConfigurationName = Release;
		};
/* End XCConfigurationList section */
	};
	rootObject = 83CBB9F71A601CBA00E9B192 /* Project object */;
}
